// !$*UTF8*$!
{
	archiveVersion = 1;
	classes = {
	};
	objectVersion = 46;
	objects = {

/* Begin PBXBuildFile section */
		14F4D2D61DC0A3C0004F1A4E /* AppDelegate.swift in Sources */ = {isa = PBXBuildFile; fileRef = 14F4D2D51DC0A3C0004F1A4E /* AppDelegate.swift */; };
		14F4D2D81DC0A3C0004F1A4E /* ViewController.swift in Sources */ = {isa = PBXBuildFile; fileRef = 14F4D2D71DC0A3C0004F1A4E /* ViewController.swift */; };
		14F4D2DB1DC0A3C0004F1A4E /* Main.storyboard in Resources */ = {isa = PBXBuildFile; fileRef = 14F4D2D91DC0A3C0004F1A4E /* Main.storyboard */; };
		14F4D2DD1DC0A3C0004F1A4E /* Assets.xcassets in Resources */ = {isa = PBXBuildFile; fileRef = 14F4D2DC1DC0A3C0004F1A4E /* Assets.xcassets */; };
		14F4D2E01DC0A3C0004F1A4E /* LaunchScreen.storyboard in Resources */ = {isa = PBXBuildFile; fileRef = 14F4D2DE1DC0A3C0004F1A4E /* LaunchScreen.storyboard */; };
		14F4D2EB1DC0A3C0004F1A4E /* NotificationStrategyTests.swift in Sources */ = {isa = PBXBuildFile; fileRef = 14F4D2EA1DC0A3C0004F1A4E /* NotificationStrategyTests.swift */; };
		14F4D2F61DC0A3C0004F1A4E /* NotificationStrategyUITests.swift in Sources */ = {isa = PBXBuildFile; fileRef = 14F4D2F51DC0A3C0004F1A4E /* NotificationStrategyUITests.swift */; };
		1E8A55FF0BFD6E4C19DAC361 /* Pods_NotificationStrategyUITests.framework in Frameworks */ = {isa = PBXBuildFile; fileRef = 6A4B0D6A3AB75D42808F6F56 /* Pods_NotificationStrategyUITests.framework */; };
		7D97EBF4FDF4AC58DD196553 /* Pods_NotificationStrategy.framework in Frameworks */ = {isa = PBXBuildFile; fileRef = 8CF0BD8052BAEF87BCCB595E /* Pods_NotificationStrategy.framework */; };
		8EE0B36F182F8FF71671E561 /* Pods_NotificationStrategyTests.framework in Frameworks */ = {isa = PBXBuildFile; fileRef = 025C54F62192851A629AF385 /* Pods_NotificationStrategyTests.framework */; };
/* End PBXBuildFile section */

/* Begin PBXContainerItemProxy section */
		14F4D2E71DC0A3C0004F1A4E /* PBXContainerItemProxy */ = {
			isa = PBXContainerItemProxy;
			containerPortal = 14F4D2CA1DC0A3C0004F1A4E /* Project object */;
			proxyType = 1;
			remoteGlobalIDString = 14F4D2D11DC0A3C0004F1A4E;
			remoteInfo = NotificationStrategy;
		};
		14F4D2F21DC0A3C0004F1A4E /* PBXContainerItemProxy */ = {
			isa = PBXContainerItemProxy;
			containerPortal = 14F4D2CA1DC0A3C0004F1A4E /* Project object */;
			proxyType = 1;
			remoteGlobalIDString = 14F4D2D11DC0A3C0004F1A4E;
			remoteInfo = NotificationStrategy;
		};
/* End PBXContainerItemProxy section */

/* Begin PBXFileReference section */
		025C54F62192851A629AF385 /* Pods_NotificationStrategyTests.framework */ = {isa = PBXFileReference; explicitFileType = wrapper.framework; includeInIndex = 0; path = Pods_NotificationStrategyTests.framework; sourceTree = BUILT_PRODUCTS_DIR; };
		078E99152F66B19152297E62 /* Pods-NotificationStrategyTests.debug.xcconfig */ = {isa = PBXFileReference; includeInIndex = 1; lastKnownFileType = text.xcconfig; name = "Pods-NotificationStrategyTests.debug.xcconfig"; path = "Pods/Target Support Files/Pods-NotificationStrategyTests/Pods-NotificationStrategyTests.debug.xcconfig"; sourceTree = "<group>"; };
		14F4D2D21DC0A3C0004F1A4E /* NotificationStrategy.app */ = {isa = PBXFileReference; explicitFileType = wrapper.application; includeInIndex = 0; path = NotificationStrategy.app; sourceTree = BUILT_PRODUCTS_DIR; };
		14F4D2D51DC0A3C0004F1A4E /* AppDelegate.swift */ = {isa = PBXFileReference; lastKnownFileType = sourcecode.swift; path = AppDelegate.swift; sourceTree = "<group>"; };
		14F4D2D71DC0A3C0004F1A4E /* ViewController.swift */ = {isa = PBXFileReference; lastKnownFileType = sourcecode.swift; path = ViewController.swift; sourceTree = "<group>"; };
		14F4D2DA1DC0A3C0004F1A4E /* Base */ = {isa = PBXFileReference; lastKnownFileType = file.storyboard; name = Base; path = Base.lproj/Main.storyboard; sourceTree = "<group>"; };
		14F4D2DC1DC0A3C0004F1A4E /* Assets.xcassets */ = {isa = PBXFileReference; lastKnownFileType = folder.assetcatalog; path = Assets.xcassets; sourceTree = "<group>"; };
		14F4D2DF1DC0A3C0004F1A4E /* Base */ = {isa = PBXFileReference; lastKnownFileType = file.storyboard; name = Base; path = Base.lproj/LaunchScreen.storyboard; sourceTree = "<group>"; };
		14F4D2E11DC0A3C0004F1A4E /* Info.plist */ = {isa = PBXFileReference; lastKnownFileType = text.plist.xml; path = Info.plist; sourceTree = "<group>"; };
		14F4D2E61DC0A3C0004F1A4E /* NotificationStrategyTests.xctest */ = {isa = PBXFileReference; explicitFileType = wrapper.cfbundle; includeInIndex = 0; path = NotificationStrategyTests.xctest; sourceTree = BUILT_PRODUCTS_DIR; };
		14F4D2EA1DC0A3C0004F1A4E /* NotificationStrategyTests.swift */ = {isa = PBXFileReference; lastKnownFileType = sourcecode.swift; path = NotificationStrategyTests.swift; sourceTree = "<group>"; };
		14F4D2EC1DC0A3C0004F1A4E /* Info.plist */ = {isa = PBXFileReference; lastKnownFileType = text.plist.xml; path = Info.plist; sourceTree = "<group>"; };
		14F4D2F11DC0A3C0004F1A4E /* NotificationStrategyUITests.xctest */ = {isa = PBXFileReference; explicitFileType = wrapper.cfbundle; includeInIndex = 0; path = NotificationStrategyUITests.xctest; sourceTree = BUILT_PRODUCTS_DIR; };
		14F4D2F51DC0A3C0004F1A4E /* NotificationStrategyUITests.swift */ = {isa = PBXFileReference; lastKnownFileType = sourcecode.swift; path = NotificationStrategyUITests.swift; sourceTree = "<group>"; };
		14F4D2F71DC0A3C0004F1A4E /* Info.plist */ = {isa = PBXFileReference; lastKnownFileType = text.plist.xml; path = Info.plist; sourceTree = "<group>"; };
		22D8218E71259198316907CC /* Pods-NotificationStrategyUITests.release.xcconfig */ = {isa = PBXFileReference; includeInIndex = 1; lastKnownFileType = text.xcconfig; name = "Pods-NotificationStrategyUITests.release.xcconfig"; path = "Pods/Target Support Files/Pods-NotificationStrategyUITests/Pods-NotificationStrategyUITests.release.xcconfig"; sourceTree = "<group>"; };
		6A4B0D6A3AB75D42808F6F56 /* Pods_NotificationStrategyUITests.framework */ = {isa = PBXFileReference; explicitFileType = wrapper.framework; includeInIndex = 0; path = Pods_NotificationStrategyUITests.framework; sourceTree = BUILT_PRODUCTS_DIR; };
		6BF5E414CB7E4A6B766F279F /* Pods-NotificationStrategy.debug.xcconfig */ = {isa = PBXFileReference; includeInIndex = 1; lastKnownFileType = text.xcconfig; name = "Pods-NotificationStrategy.debug.xcconfig"; path = "Pods/Target Support Files/Pods-NotificationStrategy/Pods-NotificationStrategy.debug.xcconfig"; sourceTree = "<group>"; };
		8CF0BD8052BAEF87BCCB595E /* Pods_NotificationStrategy.framework */ = {isa = PBXFileReference; explicitFileType = wrapper.framework; includeInIndex = 0; path = Pods_NotificationStrategy.framework; sourceTree = BUILT_PRODUCTS_DIR; };
		9988B76968D9BE5D8D27D6C3 /* Pods-NotificationStrategy.release.xcconfig */ = {isa = PBXFileReference; includeInIndex = 1; lastKnownFileType = text.xcconfig; name = "Pods-NotificationStrategy.release.xcconfig"; path = "Pods/Target Support Files/Pods-NotificationStrategy/Pods-NotificationStrategy.release.xcconfig"; sourceTree = "<group>"; };
		C84EA3A402D81C6E01AE0C7C /* Pods-NotificationStrategyUITests.debug.xcconfig */ = {isa = PBXFileReference; includeInIndex = 1; lastKnownFileType = text.xcconfig; name = "Pods-NotificationStrategyUITests.debug.xcconfig"; path = "Pods/Target Support Files/Pods-NotificationStrategyUITests/Pods-NotificationStrategyUITests.debug.xcconfig"; sourceTree = "<group>"; };
		D433378EA0865A04609A173A /* Pods-NotificationStrategyTests.release.xcconfig */ = {isa = PBXFileReference; includeInIndex = 1; lastKnownFileType = text.xcconfig; name = "Pods-NotificationStrategyTests.release.xcconfig"; path = "Pods/Target Support Files/Pods-NotificationStrategyTests/Pods-NotificationStrategyTests.release.xcconfig"; sourceTree = "<group>"; };
/* End PBXFileReference section */

/* Begin PBXFrameworksBuildPhase section */
		14F4D2CF1DC0A3C0004F1A4E /* Frameworks */ = {
			isa = PBXFrameworksBuildPhase;
			buildActionMask = 2147483647;
			files = (
				7D97EBF4FDF4AC58DD196553 /* Pods_NotificationStrategy.framework in Frameworks */,
			);
			runOnlyForDeploymentPostprocessing = 0;
		};
		14F4D2E31DC0A3C0004F1A4E /* Frameworks */ = {
			isa = PBXFrameworksBuildPhase;
			buildActionMask = 2147483647;
			files = (
				8EE0B36F182F8FF71671E561 /* Pods_NotificationStrategyTests.framework in Frameworks */,
			);
			runOnlyForDeploymentPostprocessing = 0;
		};
		14F4D2EE1DC0A3C0004F1A4E /* Frameworks */ = {
			isa = PBXFrameworksBuildPhase;
			buildActionMask = 2147483647;
			files = (
				1E8A55FF0BFD6E4C19DAC361 /* Pods_NotificationStrategyUITests.framework in Frameworks */,
			);
			runOnlyForDeploymentPostprocessing = 0;
		};
/* End PBXFrameworksBuildPhase section */

/* Begin PBXGroup section */
		14F4D2C91DC0A3C0004F1A4E = {
			isa = PBXGroup;
			children = (
				14F4D2D41DC0A3C0004F1A4E /* NotificationStrategy */,
				14F4D2E91DC0A3C0004F1A4E /* NotificationStrategyTests */,
				14F4D2F41DC0A3C0004F1A4E /* NotificationStrategyUITests */,
				14F4D2D31DC0A3C0004F1A4E /* Products */,
				185A04679DE72823439F4339 /* Pods */,
				BE945D99F19B53FB7E2892BA /* Frameworks */,
			);
			sourceTree = "<group>";
		};
		14F4D2D31DC0A3C0004F1A4E /* Products */ = {
			isa = PBXGroup;
			children = (
				14F4D2D21DC0A3C0004F1A4E /* NotificationStrategy.app */,
				14F4D2E61DC0A3C0004F1A4E /* NotificationStrategyTests.xctest */,
				14F4D2F11DC0A3C0004F1A4E /* NotificationStrategyUITests.xctest */,
			);
			name = Products;
			sourceTree = "<group>";
		};
		14F4D2D41DC0A3C0004F1A4E /* NotificationStrategy */ = {
			isa = PBXGroup;
			children = (
				14F4D2D51DC0A3C0004F1A4E /* AppDelegate.swift */,
				14F4D2D71DC0A3C0004F1A4E /* ViewController.swift */,
				14F4D2D91DC0A3C0004F1A4E /* Main.storyboard */,
				14F4D2DC1DC0A3C0004F1A4E /* Assets.xcassets */,
				14F4D2DE1DC0A3C0004F1A4E /* LaunchScreen.storyboard */,
				14F4D2E11DC0A3C0004F1A4E /* Info.plist */,
			);
			path = NotificationStrategy;
			sourceTree = "<group>";
		};
		14F4D2E91DC0A3C0004F1A4E /* NotificationStrategyTests */ = {
			isa = PBXGroup;
			children = (
				14F4D2EA1DC0A3C0004F1A4E /* NotificationStrategyTests.swift */,
				14F4D2EC1DC0A3C0004F1A4E /* Info.plist */,
			);
			path = NotificationStrategyTests;
			sourceTree = "<group>";
		};
		14F4D2F41DC0A3C0004F1A4E /* NotificationStrategyUITests */ = {
			isa = PBXGroup;
			children = (
				14F4D2F51DC0A3C0004F1A4E /* NotificationStrategyUITests.swift */,
				14F4D2F71DC0A3C0004F1A4E /* Info.plist */,
			);
			path = NotificationStrategyUITests;
			sourceTree = "<group>";
		};
		185A04679DE72823439F4339 /* Pods */ = {
			isa = PBXGroup;
			children = (
				6BF5E414CB7E4A6B766F279F /* Pods-NotificationStrategy.debug.xcconfig */,
				9988B76968D9BE5D8D27D6C3 /* Pods-NotificationStrategy.release.xcconfig */,
				078E99152F66B19152297E62 /* Pods-NotificationStrategyTests.debug.xcconfig */,
				D433378EA0865A04609A173A /* Pods-NotificationStrategyTests.release.xcconfig */,
				C84EA3A402D81C6E01AE0C7C /* Pods-NotificationStrategyUITests.debug.xcconfig */,
				22D8218E71259198316907CC /* Pods-NotificationStrategyUITests.release.xcconfig */,
			);
			name = Pods;
			sourceTree = "<group>";
		};
		BE945D99F19B53FB7E2892BA /* Frameworks */ = {
			isa = PBXGroup;
			children = (
				8CF0BD8052BAEF87BCCB595E /* Pods_NotificationStrategy.framework */,
				025C54F62192851A629AF385 /* Pods_NotificationStrategyTests.framework */,
				6A4B0D6A3AB75D42808F6F56 /* Pods_NotificationStrategyUITests.framework */,
			);
			name = Frameworks;
			sourceTree = "<group>";
		};
/* End PBXGroup section */

/* Begin PBXNativeTarget section */
		14F4D2D11DC0A3C0004F1A4E /* NotificationStrategy */ = {
			isa = PBXNativeTarget;
			buildConfigurationList = 14F4D2FA1DC0A3C0004F1A4E /* Build configuration list for PBXNativeTarget "NotificationStrategy" */;
			buildPhases = (
				2B7400B47498C558B0FC0474 /* 📦 Check Pods Manifest.lock */,
				14F4D2CE1DC0A3C0004F1A4E /* Sources */,
				14F4D2CF1DC0A3C0004F1A4E /* Frameworks */,
				14F4D2D01DC0A3C0004F1A4E /* Resources */,
				20C55A06565537AE690F1C4D /* 📦 Embed Pods Frameworks */,
				1766582F10A7A90E6D3A4F28 /* 📦 Copy Pods Resources */,
			);
			buildRules = (
			);
			dependencies = (
			);
			name = NotificationStrategy;
			productName = NotificationStrategy;
			productReference = 14F4D2D21DC0A3C0004F1A4E /* NotificationStrategy.app */;
			productType = "com.apple.product-type.application";
		};
		14F4D2E51DC0A3C0004F1A4E /* NotificationStrategyTests */ = {
			isa = PBXNativeTarget;
			buildConfigurationList = 14F4D2FD1DC0A3C0004F1A4E /* Build configuration list for PBXNativeTarget "NotificationStrategyTests" */;
			buildPhases = (
				BAA0019D7F1F49D88BB535B6 /* 📦 Check Pods Manifest.lock */,
				14F4D2E21DC0A3C0004F1A4E /* Sources */,
				14F4D2E31DC0A3C0004F1A4E /* Frameworks */,
				14F4D2E41DC0A3C0004F1A4E /* Resources */,
				D5D87C32E3573ECE6CBD2139 /* 📦 Embed Pods Frameworks */,
				17CDFFCDFC9FC1DF830D83B3 /* 📦 Copy Pods Resources */,
			);
			buildRules = (
			);
			dependencies = (
				14F4D2E81DC0A3C0004F1A4E /* PBXTargetDependency */,
			);
			name = NotificationStrategyTests;
			productName = NotificationStrategyTests;
			productReference = 14F4D2E61DC0A3C0004F1A4E /* NotificationStrategyTests.xctest */;
			productType = "com.apple.product-type.bundle.unit-test";
		};
		14F4D2F01DC0A3C0004F1A4E /* NotificationStrategyUITests */ = {
			isa = PBXNativeTarget;
			buildConfigurationList = 14F4D3001DC0A3C0004F1A4E /* Build configuration list for PBXNativeTarget "NotificationStrategyUITests" */;
			buildPhases = (
				F846BE1FBF7B92301E889057 /* 📦 Check Pods Manifest.lock */,
				14F4D2ED1DC0A3C0004F1A4E /* Sources */,
				14F4D2EE1DC0A3C0004F1A4E /* Frameworks */,
				14F4D2EF1DC0A3C0004F1A4E /* Resources */,
				54CF77D1C5A7912895D3D913 /* 📦 Copy Pods Resources */,
			);
			buildRules = (
			);
			dependencies = (
				14F4D2F31DC0A3C0004F1A4E /* PBXTargetDependency */,
			);
			name = NotificationStrategyUITests;
			productName = NotificationStrategyUITests;
			productReference = 14F4D2F11DC0A3C0004F1A4E /* NotificationStrategyUITests.xctest */;
			productType = "com.apple.product-type.bundle.ui-testing";
		};
/* End PBXNativeTarget section */

/* Begin PBXProject section */
		14F4D2CA1DC0A3C0004F1A4E /* Project object */ = {
			isa = PBXProject;
			attributes = {
				LastSwiftUpdateCheck = 0800;
				LastUpgradeCheck = 0800;
				ORGANIZATIONNAME = "R&D connecthings";
				TargetAttributes = {
					14F4D2D11DC0A3C0004F1A4E = {
						CreatedOnToolsVersion = 8.0;
						DevelopmentTeam = 3T67HE76NG;
						ProvisioningStyle = Automatic;
					};
					14F4D2E51DC0A3C0004F1A4E = {
						CreatedOnToolsVersion = 8.0;
						DevelopmentTeam = 3T67HE76NG;
						ProvisioningStyle = Automatic;
						TestTargetID = 14F4D2D11DC0A3C0004F1A4E;
					};
					14F4D2F01DC0A3C0004F1A4E = {
						CreatedOnToolsVersion = 8.0;
						DevelopmentTeam = 3T67HE76NG;
						ProvisioningStyle = Automatic;
						TestTargetID = 14F4D2D11DC0A3C0004F1A4E;
					};
				};
			};
			buildConfigurationList = 14F4D2CD1DC0A3C0004F1A4E /* Build configuration list for PBXProject "NotificationStrategy" */;
			compatibilityVersion = "Xcode 3.2";
			developmentRegion = English;
			hasScannedForEncodings = 0;
			knownRegions = (
				en,
				Base,
			);
			mainGroup = 14F4D2C91DC0A3C0004F1A4E;
			productRefGroup = 14F4D2D31DC0A3C0004F1A4E /* Products */;
			projectDirPath = "";
			projectRoot = "";
			targets = (
				14F4D2D11DC0A3C0004F1A4E /* NotificationStrategy */,
				14F4D2E51DC0A3C0004F1A4E /* NotificationStrategyTests */,
				14F4D2F01DC0A3C0004F1A4E /* NotificationStrategyUITests */,
			);
		};
/* End PBXProject section */

/* Begin PBXResourcesBuildPhase section */
		14F4D2D01DC0A3C0004F1A4E /* Resources */ = {
			isa = PBXResourcesBuildPhase;
			buildActionMask = 2147483647;
			files = (
				14F4D2E01DC0A3C0004F1A4E /* LaunchScreen.storyboard in Resources */,
				14F4D2DD1DC0A3C0004F1A4E /* Assets.xcassets in Resources */,
				14F4D2DB1DC0A3C0004F1A4E /* Main.storyboard in Resources */,
			);
			runOnlyForDeploymentPostprocessing = 0;
		};
		14F4D2E41DC0A3C0004F1A4E /* Resources */ = {
			isa = PBXResourcesBuildPhase;
			buildActionMask = 2147483647;
			files = (
			);
			runOnlyForDeploymentPostprocessing = 0;
		};
		14F4D2EF1DC0A3C0004F1A4E /* Resources */ = {
			isa = PBXResourcesBuildPhase;
			buildActionMask = 2147483647;
			files = (
			);
			runOnlyForDeploymentPostprocessing = 0;
		};
/* End PBXResourcesBuildPhase section */

/* Begin PBXShellScriptBuildPhase section */
		1766582F10A7A90E6D3A4F28 /* 📦 Copy Pods Resources */ = {
			isa = PBXShellScriptBuildPhase;
			buildActionMask = 2147483647;
			files = (
			);
			inputPaths = (
			);
			name = "📦 Copy Pods Resources";
			outputPaths = (
			);
			runOnlyForDeploymentPostprocessing = 0;
			shellPath = /bin/sh;
			shellScript = "\"${SRCROOT}/Pods/Target Support Files/Pods-NotificationStrategy/Pods-NotificationStrategy-resources.sh\"\n";
			showEnvVarsInLog = 0;
		};
		17CDFFCDFC9FC1DF830D83B3 /* 📦 Copy Pods Resources */ = {
			isa = PBXShellScriptBuildPhase;
			buildActionMask = 2147483647;
			files = (
			);
			inputPaths = (
			);
			name = "📦 Copy Pods Resources";
			outputPaths = (
			);
			runOnlyForDeploymentPostprocessing = 0;
			shellPath = /bin/sh;
			shellScript = "\"${SRCROOT}/Pods/Target Support Files/Pods-NotificationStrategyTests/Pods-NotificationStrategyTests-resources.sh\"\n";
			showEnvVarsInLog = 0;
		};
		20C55A06565537AE690F1C4D /* 📦 Embed Pods Frameworks */ = {
			isa = PBXShellScriptBuildPhase;
			buildActionMask = 2147483647;
			files = (
			);
			inputPaths = (
			);
			name = "📦 Embed Pods Frameworks";
			outputPaths = (
			);
			runOnlyForDeploymentPostprocessing = 0;
			shellPath = /bin/sh;
			shellScript = "\"${SRCROOT}/Pods/Target Support Files/Pods-NotificationStrategy/Pods-NotificationStrategy-frameworks.sh\"\n";
			showEnvVarsInLog = 0;
		};
		2B7400B47498C558B0FC0474 /* 📦 Check Pods Manifest.lock */ = {
			isa = PBXShellScriptBuildPhase;
			buildActionMask = 2147483647;
			files = (
			);
			inputPaths = (
			);
			name = "📦 Check Pods Manifest.lock";
			outputPaths = (
			);
			runOnlyForDeploymentPostprocessing = 0;
			shellPath = /bin/sh;
			shellScript = "diff \"${PODS_ROOT}/../Podfile.lock\" \"${PODS_ROOT}/Manifest.lock\" > /dev/null\nif [[ $? != 0 ]] ; then\n    cat << EOM\nerror: The sandbox is not in sync with the Podfile.lock. Run 'pod install' or update your CocoaPods installation.\nEOM\n    exit 1\nfi\n";
			showEnvVarsInLog = 0;
		};
		54CF77D1C5A7912895D3D913 /* 📦 Copy Pods Resources */ = {
			isa = PBXShellScriptBuildPhase;
			buildActionMask = 2147483647;
			files = (
			);
			inputPaths = (
			);
			name = "📦 Copy Pods Resources";
			outputPaths = (
			);
			runOnlyForDeploymentPostprocessing = 0;
			shellPath = /bin/sh;
			shellScript = "\"${SRCROOT}/Pods/Target Support Files/Pods-NotificationStrategyUITests/Pods-NotificationStrategyUITests-resources.sh\"\n";
			showEnvVarsInLog = 0;
		};
		BAA0019D7F1F49D88BB535B6 /* 📦 Check Pods Manifest.lock */ = {
			isa = PBXShellScriptBuildPhase;
			buildActionMask = 2147483647;
			files = (
			);
			inputPaths = (
			);
			name = "📦 Check Pods Manifest.lock";
			outputPaths = (
			);
			runOnlyForDeploymentPostprocessing = 0;
			shellPath = /bin/sh;
			shellScript = "diff \"${PODS_ROOT}/../Podfile.lock\" \"${PODS_ROOT}/Manifest.lock\" > /dev/null\nif [[ $? != 0 ]] ; then\n    cat << EOM\nerror: The sandbox is not in sync with the Podfile.lock. Run 'pod install' or update your CocoaPods installation.\nEOM\n    exit 1\nfi\n";
			showEnvVarsInLog = 0;
		};
		D5D87C32E3573ECE6CBD2139 /* 📦 Embed Pods Frameworks */ = {
			isa = PBXShellScriptBuildPhase;
			buildActionMask = 2147483647;
			files = (
			);
			inputPaths = (
			);
			name = "📦 Embed Pods Frameworks";
			outputPaths = (
			);
			runOnlyForDeploymentPostprocessing = 0;
			shellPath = /bin/sh;
			shellScript = "\"${SRCROOT}/Pods/Target Support Files/Pods-NotificationStrategyTests/Pods-NotificationStrategyTests-frameworks.sh\"\n";
			showEnvVarsInLog = 0;
		};
		F846BE1FBF7B92301E889057 /* 📦 Check Pods Manifest.lock */ = {
			isa = PBXShellScriptBuildPhase;
			buildActionMask = 2147483647;
			files = (
			);
			inputPaths = (
			);
			name = "📦 Check Pods Manifest.lock";
			outputPaths = (
			);
			runOnlyForDeploymentPostprocessing = 0;
			shellPath = /bin/sh;
			shellScript = "diff \"${PODS_ROOT}/../Podfile.lock\" \"${PODS_ROOT}/Manifest.lock\" > /dev/null\nif [[ $? != 0 ]] ; then\n    cat << EOM\nerror: The sandbox is not in sync with the Podfile.lock. Run 'pod install' or update your CocoaPods installation.\nEOM\n    exit 1\nfi\n";
			showEnvVarsInLog = 0;
		};
/* End PBXShellScriptBuildPhase section */

/* Begin PBXSourcesBuildPhase section */
		14F4D2CE1DC0A3C0004F1A4E /* Sources */ = {
			isa = PBXSourcesBuildPhase;
			buildActionMask = 2147483647;
			files = (
				14F4D2D81DC0A3C0004F1A4E /* ViewController.swift in Sources */,
				14F4D2D61DC0A3C0004F1A4E /* AppDelegate.swift in Sources */,
			);
			runOnlyForDeploymentPostprocessing = 0;
		};
		14F4D2E21DC0A3C0004F1A4E /* Sources */ = {
			isa = PBXSourcesBuildPhase;
			buildActionMask = 2147483647;
			files = (
				14F4D2EB1DC0A3C0004F1A4E /* NotificationStrategyTests.swift in Sources */,
			);
			runOnlyForDeploymentPostprocessing = 0;
		};
		14F4D2ED1DC0A3C0004F1A4E /* Sources */ = {
			isa = PBXSourcesBuildPhase;
			buildActionMask = 2147483647;
			files = (
				14F4D2F61DC0A3C0004F1A4E /* NotificationStrategyUITests.swift in Sources */,
			);
			runOnlyForDeploymentPostprocessing = 0;
		};
/* End PBXSourcesBuildPhase section */

/* Begin PBXTargetDependency section */
		14F4D2E81DC0A3C0004F1A4E /* PBXTargetDependency */ = {
			isa = PBXTargetDependency;
			target = 14F4D2D11DC0A3C0004F1A4E /* NotificationStrategy */;
			targetProxy = 14F4D2E71DC0A3C0004F1A4E /* PBXContainerItemProxy */;
		};
		14F4D2F31DC0A3C0004F1A4E /* PBXTargetDependency */ = {
			isa = PBXTargetDependency;
			target = 14F4D2D11DC0A3C0004F1A4E /* NotificationStrategy */;
			targetProxy = 14F4D2F21DC0A3C0004F1A4E /* PBXContainerItemProxy */;
		};
/* End PBXTargetDependency section */

/* Begin PBXVariantGroup section */
		14F4D2D91DC0A3C0004F1A4E /* Main.storyboard */ = {
			isa = PBXVariantGroup;
			children = (
				14F4D2DA1DC0A3C0004F1A4E /* Base */,
			);
			name = Main.storyboard;
			sourceTree = "<group>";
		};
		14F4D2DE1DC0A3C0004F1A4E /* LaunchScreen.storyboard */ = {
			isa = PBXVariantGroup;
			children = (
				14F4D2DF1DC0A3C0004F1A4E /* Base */,
			);
			name = LaunchScreen.storyboard;
			sourceTree = "<group>";
		};
/* End PBXVariantGroup section */

/* Begin XCBuildConfiguration section */
		14F4D2F81DC0A3C0004F1A4E /* Debug */ = {
			isa = XCBuildConfiguration;
			buildSettings = {
				ALWAYS_SEARCH_USER_PATHS = NO;
				CLANG_ANALYZER_NONNULL = YES;
				CLANG_CXX_LANGUAGE_STANDARD = "gnu++0x";
				CLANG_CXX_LIBRARY = "libc++";
				CLANG_ENABLE_MODULES = YES;
				CLANG_ENABLE_OBJC_ARC = YES;
				CLANG_WARN_BOOL_CONVERSION = YES;
				CLANG_WARN_CONSTANT_CONVERSION = YES;
				CLANG_WARN_DIRECT_OBJC_ISA_USAGE = YES_ERROR;
				CLANG_WARN_DOCUMENTATION_COMMENTS = YES;
				CLANG_WARN_EMPTY_BODY = YES;
				CLANG_WARN_ENUM_CONVERSION = YES;
				CLANG_WARN_INFINITE_RECURSION = YES;
				CLANG_WARN_INT_CONVERSION = YES;
				CLANG_WARN_OBJC_ROOT_CLASS = YES_ERROR;
				CLANG_WARN_SUSPICIOUS_MOVES = YES;
				CLANG_WARN_UNREACHABLE_CODE = YES;
				CLANG_WARN__DUPLICATE_METHOD_MATCH = YES;
				"CODE_SIGN_IDENTITY[sdk=iphoneos*]" = "iPhone Developer";
				COPY_PHASE_STRIP = NO;
				DEBUG_INFORMATION_FORMAT = dwarf;
				ENABLE_STRICT_OBJC_MSGSEND = YES;
				ENABLE_TESTABILITY = YES;
				GCC_C_LANGUAGE_STANDARD = gnu99;
				GCC_DYNAMIC_NO_PIC = NO;
				GCC_NO_COMMON_BLOCKS = YES;
				GCC_OPTIMIZATION_LEVEL = 0;
				GCC_PREPROCESSOR_DEFINITIONS = (
					"DEBUG=1",
					"$(inherited)",
				);
				GCC_WARN_64_TO_32_BIT_CONVERSION = YES;
				GCC_WARN_ABOUT_RETURN_TYPE = YES_ERROR;
				GCC_WARN_UNDECLARED_SELECTOR = YES;
				GCC_WARN_UNINITIALIZED_AUTOS = YES_AGGRESSIVE;
				GCC_WARN_UNUSED_FUNCTION = YES;
				GCC_WARN_UNUSED_VARIABLE = YES;
				IPHONEOS_DEPLOYMENT_TARGET = 9.0;
				MTL_ENABLE_DEBUG_INFO = YES;
				ONLY_ACTIVE_ARCH = YES;
				SDKROOT = iphoneos;
				SWIFT_ACTIVE_COMPILATION_CONDITIONS = DEBUG;
				SWIFT_OPTIMIZATION_LEVEL = "-Onone";
				TARGETED_DEVICE_FAMILY = "1,2";
			};
			name = Debug;
		};
		14F4D2F91DC0A3C0004F1A4E /* Release */ = {
			isa = XCBuildConfiguration;
			buildSettings = {
				ALWAYS_SEARCH_USER_PATHS = NO;
				CLANG_ANALYZER_NONNULL = YES;
				CLANG_CXX_LANGUAGE_STANDARD = "gnu++0x";
				CLANG_CXX_LIBRARY = "libc++";
				CLANG_ENABLE_MODULES = YES;
				CLANG_ENABLE_OBJC_ARC = YES;
				CLANG_WARN_BOOL_CONVERSION = YES;
				CLANG_WARN_CONSTANT_CONVERSION = YES;
				CLANG_WARN_DIRECT_OBJC_ISA_USAGE = YES_ERROR;
				CLANG_WARN_DOCUMENTATION_COMMENTS = YES;
				CLANG_WARN_EMPTY_BODY = YES;
				CLANG_WARN_ENUM_CONVERSION = YES;
				CLANG_WARN_INFINITE_RECURSION = YES;
				CLANG_WARN_INT_CONVERSION = YES;
				CLANG_WARN_OBJC_ROOT_CLASS = YES_ERROR;
				CLANG_WARN_SUSPICIOUS_MOVES = YES;
				CLANG_WARN_UNREACHABLE_CODE = YES;
				CLANG_WARN__DUPLICATE_METHOD_MATCH = YES;
				"CODE_SIGN_IDENTITY[sdk=iphoneos*]" = "iPhone Developer";
				COPY_PHASE_STRIP = NO;
				DEBUG_INFORMATION_FORMAT = "dwarf-with-dsym";
				ENABLE_NS_ASSERTIONS = NO;
				ENABLE_STRICT_OBJC_MSGSEND = YES;
				GCC_C_LANGUAGE_STANDARD = gnu99;
				GCC_NO_COMMON_BLOCKS = YES;
				GCC_WARN_64_TO_32_BIT_CONVERSION = YES;
				GCC_WARN_ABOUT_RETURN_TYPE = YES_ERROR;
				GCC_WARN_UNDECLARED_SELECTOR = YES;
				GCC_WARN_UNINITIALIZED_AUTOS = YES_AGGRESSIVE;
				GCC_WARN_UNUSED_FUNCTION = YES;
				GCC_WARN_UNUSED_VARIABLE = YES;
				IPHONEOS_DEPLOYMENT_TARGET = 9.0;
				MTL_ENABLE_DEBUG_INFO = NO;
				SDKROOT = iphoneos;
				SWIFT_OPTIMIZATION_LEVEL = "-Owholemodule";
				TARGETED_DEVICE_FAMILY = "1,2";
				VALIDATE_PRODUCT = YES;
			};
			name = Release;
		};
		14F4D2FB1DC0A3C0004F1A4E /* Debug */ = {
			isa = XCBuildConfiguration;
			baseConfigurationReference = 6BF5E414CB7E4A6B766F279F /* Pods-NotificationStrategy.debug.xcconfig */;
			buildSettings = {
				ASSETCATALOG_COMPILER_APPICON_NAME = AppIcon;
				DEVELOPMENT_TEAM = 3T67HE76NG;
				ENABLE_BITCODE = NO;
				INFOPLIST_FILE = NotificationStrategy/Info.plist;
				IPHONEOS_DEPLOYMENT_TARGET = 9.0;
				LD_RUNPATH_SEARCH_PATHS = "$(inherited) @executable_path/Frameworks";
				PRODUCT_BUNDLE_IDENTIFIER = sarra.srairi.live.NotificationStrategy;
				PRODUCT_NAME = "$(TARGET_NAME)";
				SWIFT_VERSION = 3.0;
			};
			name = Debug;
		};
		14F4D2FC1DC0A3C0004F1A4E /* Release */ = {
			isa = XCBuildConfiguration;
			baseConfigurationReference = 9988B76968D9BE5D8D27D6C3 /* Pods-NotificationStrategy.release.xcconfig */;
			buildSettings = {
				ASSETCATALOG_COMPILER_APPICON_NAME = AppIcon;
				DEVELOPMENT_TEAM = 3T67HE76NG;
				ENABLE_BITCODE = NO;
				INFOPLIST_FILE = NotificationStrategy/Info.plist;
				IPHONEOS_DEPLOYMENT_TARGET = 9.0;
				LD_RUNPATH_SEARCH_PATHS = "$(inherited) @executable_path/Frameworks";
				PRODUCT_BUNDLE_IDENTIFIER = sarra.srairi.live.NotificationStrategy;
				PRODUCT_NAME = "$(TARGET_NAME)";
				SWIFT_VERSION = 3.0;
			};
			name = Release;
		};
		14F4D2FE1DC0A3C0004F1A4E /* Debug */ = {
			isa = XCBuildConfiguration;
			baseConfigurationReference = 078E99152F66B19152297E62 /* Pods-NotificationStrategyTests.debug.xcconfig */;
			buildSettings = {
				ALWAYS_EMBED_SWIFT_STANDARD_LIBRARIES = YES;
				BUNDLE_LOADER = "$(TEST_HOST)";
				DEVELOPMENT_TEAM = 3T67HE76NG;
				INFOPLIST_FILE = NotificationStrategyTests/Info.plist;
				LD_RUNPATH_SEARCH_PATHS = "$(inherited) @executable_path/Frameworks @loader_path/Frameworks";
				PRODUCT_BUNDLE_IDENTIFIER = sarra.srairi.live.NotificationStrategyTests;
				PRODUCT_NAME = "$(TARGET_NAME)";
				SWIFT_VERSION = 3.0;
				TEST_HOST = "$(BUILT_PRODUCTS_DIR)/NotificationStrategy.app/NotificationStrategy";
			};
			name = Debug;
		};
		14F4D2FF1DC0A3C0004F1A4E /* Release */ = {
			isa = XCBuildConfiguration;
			baseConfigurationReference = D433378EA0865A04609A173A /* Pods-NotificationStrategyTests.release.xcconfig */;
			buildSettings = {
				ALWAYS_EMBED_SWIFT_STANDARD_LIBRARIES = YES;
				BUNDLE_LOADER = "$(TEST_HOST)";
				DEVELOPMENT_TEAM = 3T67HE76NG;
				INFOPLIST_FILE = NotificationStrategyTests/Info.plist;
				LD_RUNPATH_SEARCH_PATHS = "$(inherited) @executable_path/Frameworks @loader_path/Frameworks";
				PRODUCT_BUNDLE_IDENTIFIER = sarra.srairi.live.NotificationStrategyTests;
				PRODUCT_NAME = "$(TARGET_NAME)";
				SWIFT_VERSION = 3.0;
				TEST_HOST = "$(BUILT_PRODUCTS_DIR)/NotificationStrategy.app/NotificationStrategy";
			};
			name = Release;
		};
		14F4D3011DC0A3C0004F1A4E /* Debug */ = {
			isa = XCBuildConfiguration;
			baseConfigurationReference = C84EA3A402D81C6E01AE0C7C /* Pods-NotificationStrategyUITests.debug.xcconfig */;
			buildSettings = {
				ALWAYS_EMBED_SWIFT_STANDARD_LIBRARIES = YES;
				DEVELOPMENT_TEAM = 3T67HE76NG;
				INFOPLIST_FILE = NotificationStrategyUITests/Info.plist;
				LD_RUNPATH_SEARCH_PATHS = "$(inherited) @executable_path/Frameworks @loader_path/Frameworks";
				PRODUCT_BUNDLE_IDENTIFIER = sarra.srairi.live.NotificationStrategyUITests;
				PRODUCT_NAME = "$(TARGET_NAME)";
				SWIFT_VERSION = 3.0;
				TEST_TARGET_NAME = NotificationStrategy;
			};
			name = Debug;
		};
		14F4D3021DC0A3C0004F1A4E /* Release */ = {
			isa = XCBuildConfiguration;
			baseConfigurationReference = 22D8218E71259198316907CC /* Pods-NotificationStrategyUITests.release.xcconfig */;
			buildSettings = {
				ALWAYS_EMBED_SWIFT_STANDARD_LIBRARIES = YES;
				DEVELOPMENT_TEAM = 3T67HE76NG;
				INFOPLIST_FILE = NotificationStrategyUITests/Info.plist;
				LD_RUNPATH_SEARCH_PATHS = "$(inherited) @executable_path/Frameworks @loader_path/Frameworks";
				PRODUCT_BUNDLE_IDENTIFIER = sarra.srairi.live.NotificationStrategyUITests;
				PRODUCT_NAME = "$(TARGET_NAME)";
				SWIFT_VERSION = 3.0;
				TEST_TARGET_NAME = NotificationStrategy;
			};
			name = Release;
		};
/* End XCBuildConfiguration section */

/* Begin XCConfigurationList section */
		14F4D2CD1DC0A3C0004F1A4E /* Build configuration list for PBXProject "NotificationStrategy" */ = {
			isa = XCConfigurationList;
			buildConfigurations = (
				14F4D2F81DC0A3C0004F1A4E /* Debug */,
				14F4D2F91DC0A3C0004F1A4E /* Release */,
			);
			defaultConfigurationIsVisible = 0;
			defaultConfigurationName = Release;
		};
		14F4D2FA1DC0A3C0004F1A4E /* Build configuration list for PBXNativeTarget "NotificationStrategy" */ = {
			isa = XCConfigurationList;
			buildConfigurations = (
				14F4D2FB1DC0A3C0004F1A4E /* Debug */,
				14F4D2FC1DC0A3C0004F1A4E /* Release */,
			);
			defaultConfigurationIsVisible = 0;
			defaultConfigurationName = Release;
		};
		14F4D2FD1DC0A3C0004F1A4E /* Build configuration list for PBXNativeTarget "NotificationStrategyTests" */ = {
			isa = XCConfigurationList;
			buildConfigurations = (
				14F4D2FE1DC0A3C0004F1A4E /* Debug */,
				14F4D2FF1DC0A3C0004F1A4E /* Release */,
			);
			defaultConfigurationIsVisible = 0;
			defaultConfigurationName = Release;
		};
		14F4D3001DC0A3C0004F1A4E /* Build configuration list for PBXNativeTarget "NotificationStrategyUITests" */ = {
			isa = XCConfigurationList;
			buildConfigurations = (
				14F4D3011DC0A3C0004F1A4E /* Debug */,
				14F4D3021DC0A3C0004F1A4E /* Release */,
			);
			defaultConfigurationIsVisible = 0;
			defaultConfigurationName = Release;
		};
/* End XCConfigurationList section */
	};
	rootObject = 14F4D2CA1DC0A3C0004F1A4E /* Project object */;
}
