// !$*UTF8*$!
{
	archiveVersion = 1;
	classes = {
	};
	objectVersion = 46;
	objects = {

/* Begin PBXBuildFile section */
		1484CE391D5B239B00BFAD6E /* AppDelegate.swift in Sources */ = {isa = PBXBuildFile; fileRef = 1484CE381D5B239B00BFAD6E /* AppDelegate.swift */; };
		1484CE3B1D5B239B00BFAD6E /* ViewController.swift in Sources */ = {isa = PBXBuildFile; fileRef = 1484CE3A1D5B239B00BFAD6E /* ViewController.swift */; };
		1484CE3E1D5B239B00BFAD6E /* Main.storyboard in Resources */ = {isa = PBXBuildFile; fileRef = 1484CE3C1D5B239B00BFAD6E /* Main.storyboard */; };
		1484CE401D5B239B00BFAD6E /* Assets.xcassets in Resources */ = {isa = PBXBuildFile; fileRef = 1484CE3F1D5B239B00BFAD6E /* Assets.xcassets */; };
		1484CE431D5B239B00BFAD6E /* LaunchScreen.storyboard in Resources */ = {isa = PBXBuildFile; fileRef = 1484CE411D5B239B00BFAD6E /* LaunchScreen.storyboard */; };
		1484CE4E1D5B239B00BFAD6E /* beaconRangeTests.swift in Sources */ = {isa = PBXBuildFile; fileRef = 1484CE4D1D5B239B00BFAD6E /* beaconRangeTests.swift */; };
		1484CE591D5B239B00BFAD6E /* beaconRangeUITests.swift in Sources */ = {isa = PBXBuildFile; fileRef = 1484CE581D5B239B00BFAD6E /* beaconRangeUITests.swift */; };
		1484CE701D5B294600BFAD6E /* Localizable.strings in Resources */ = {isa = PBXBuildFile; fileRef = 1484CE721D5B294600BFAD6E /* Localizable.strings */; };
		A5C15ED84CEB646667F9032C /* Pods_beaconRangeUITests.framework in Frameworks */ = {isa = PBXBuildFile; fileRef = 58A1D3933061B8949A4DF197 /* Pods_beaconRangeUITests.framework */; };
		A989A50A7A3F183B7C053F79 /* Pods_beaconRangeTests.framework in Frameworks */ = {isa = PBXBuildFile; fileRef = AE04247FCE858AD79DDE56A1 /* Pods_beaconRangeTests.framework */; };
		FC609DA74B3AA9B1C9EC87C5 /* Pods_beaconRange.framework in Frameworks */ = {isa = PBXBuildFile; fileRef = 07DF8B0BDB5DF7005AD613B5 /* Pods_beaconRange.framework */; };
/* End PBXBuildFile section */

/* Begin PBXContainerItemProxy section */
		1484CE4A1D5B239B00BFAD6E /* PBXContainerItemProxy */ = {
			isa = PBXContainerItemProxy;
			containerPortal = 1484CE2D1D5B239B00BFAD6E /* Project object */;
			proxyType = 1;
			remoteGlobalIDString = 1484CE341D5B239B00BFAD6E;
			remoteInfo = beaconRange;
		};
		1484CE551D5B239B00BFAD6E /* PBXContainerItemProxy */ = {
			isa = PBXContainerItemProxy;
			containerPortal = 1484CE2D1D5B239B00BFAD6E /* Project object */;
			proxyType = 1;
			remoteGlobalIDString = 1484CE341D5B239B00BFAD6E;
			remoteInfo = beaconRange;
		};
/* End PBXContainerItemProxy section */

/* Begin PBXFileReference section */
		07DF8B0BDB5DF7005AD613B5 /* Pods_beaconRange.framework */ = {isa = PBXFileReference; explicitFileType = wrapper.framework; includeInIndex = 0; path = Pods_beaconRange.framework; sourceTree = BUILT_PRODUCTS_DIR; };
		1484CE351D5B239B00BFAD6E /* beaconRange.app */ = {isa = PBXFileReference; explicitFileType = wrapper.application; includeInIndex = 0; path = beaconRange.app; sourceTree = BUILT_PRODUCTS_DIR; };
		1484CE381D5B239B00BFAD6E /* AppDelegate.swift */ = {isa = PBXFileReference; lastKnownFileType = sourcecode.swift; path = AppDelegate.swift; sourceTree = "<group>"; };
		1484CE3A1D5B239B00BFAD6E /* ViewController.swift */ = {isa = PBXFileReference; lastKnownFileType = sourcecode.swift; path = ViewController.swift; sourceTree = "<group>"; };
		1484CE3D1D5B239B00BFAD6E /* Base */ = {isa = PBXFileReference; lastKnownFileType = file.storyboard; name = Base; path = Base.lproj/Main.storyboard; sourceTree = "<group>"; };
		1484CE3F1D5B239B00BFAD6E /* Assets.xcassets */ = {isa = PBXFileReference; lastKnownFileType = folder.assetcatalog; path = Assets.xcassets; sourceTree = "<group>"; };
		1484CE421D5B239B00BFAD6E /* Base */ = {isa = PBXFileReference; lastKnownFileType = file.storyboard; name = Base; path = Base.lproj/LaunchScreen.storyboard; sourceTree = "<group>"; };
		1484CE441D5B239B00BFAD6E /* Info.plist */ = {isa = PBXFileReference; lastKnownFileType = text.plist.xml; path = Info.plist; sourceTree = "<group>"; };
		1484CE491D5B239B00BFAD6E /* beaconRangeTests.xctest */ = {isa = PBXFileReference; explicitFileType = wrapper.cfbundle; includeInIndex = 0; path = beaconRangeTests.xctest; sourceTree = BUILT_PRODUCTS_DIR; };
		1484CE4D1D5B239B00BFAD6E /* beaconRangeTests.swift */ = {isa = PBXFileReference; lastKnownFileType = sourcecode.swift; path = beaconRangeTests.swift; sourceTree = "<group>"; };
		1484CE4F1D5B239B00BFAD6E /* Info.plist */ = {isa = PBXFileReference; lastKnownFileType = text.plist.xml; path = Info.plist; sourceTree = "<group>"; };
		1484CE541D5B239B00BFAD6E /* beaconRangeUITests.xctest */ = {isa = PBXFileReference; explicitFileType = wrapper.cfbundle; includeInIndex = 0; path = beaconRangeUITests.xctest; sourceTree = BUILT_PRODUCTS_DIR; };
		1484CE581D5B239B00BFAD6E /* beaconRangeUITests.swift */ = {isa = PBXFileReference; lastKnownFileType = sourcecode.swift; path = beaconRangeUITests.swift; sourceTree = "<group>"; };
		1484CE5A1D5B239B00BFAD6E /* Info.plist */ = {isa = PBXFileReference; lastKnownFileType = text.plist.xml; path = Info.plist; sourceTree = "<group>"; };
		1484CE711D5B294600BFAD6E /* Base */ = {isa = PBXFileReference; lastKnownFileType = text.plist.strings; name = Base; path = Base.lproj/Localizable.strings; sourceTree = "<group>"; };
		1484CE731D5B297900BFAD6E /* en */ = {isa = PBXFileReference; lastKnownFileType = text.plist.strings; name = en; path = en.lproj/Localizable.strings; sourceTree = "<group>"; };
		58A1D3933061B8949A4DF197 /* Pods_beaconRangeUITests.framework */ = {isa = PBXFileReference; explicitFileType = wrapper.framework; includeInIndex = 0; path = Pods_beaconRangeUITests.framework; sourceTree = BUILT_PRODUCTS_DIR; };
		71C2E750BCB242A858E7B695 /* Pods-beaconRangeTests.release.xcconfig */ = {isa = PBXFileReference; includeInIndex = 1; lastKnownFileType = text.xcconfig; name = "Pods-beaconRangeTests.release.xcconfig"; path = "Pods/Target Support Files/Pods-beaconRangeTests/Pods-beaconRangeTests.release.xcconfig"; sourceTree = "<group>"; };
		8DDC33914B4015DF960AFF12 /* Pods-beaconRangeUITests.debug.xcconfig */ = {isa = PBXFileReference; includeInIndex = 1; lastKnownFileType = text.xcconfig; name = "Pods-beaconRangeUITests.debug.xcconfig"; path = "Pods/Target Support Files/Pods-beaconRangeUITests/Pods-beaconRangeUITests.debug.xcconfig"; sourceTree = "<group>"; };
		98E43326FB77DC34A4F8F008 /* Pods-beaconRange.release.xcconfig */ = {isa = PBXFileReference; includeInIndex = 1; lastKnownFileType = text.xcconfig; name = "Pods-beaconRange.release.xcconfig"; path = "Pods/Target Support Files/Pods-beaconRange/Pods-beaconRange.release.xcconfig"; sourceTree = "<group>"; };
		AE04247FCE858AD79DDE56A1 /* Pods_beaconRangeTests.framework */ = {isa = PBXFileReference; explicitFileType = wrapper.framework; includeInIndex = 0; path = Pods_beaconRangeTests.framework; sourceTree = BUILT_PRODUCTS_DIR; };
		D42BEB3CAB48EFA0859EE5A3 /* Pods-beaconRangeUITests.release.xcconfig */ = {isa = PBXFileReference; includeInIndex = 1; lastKnownFileType = text.xcconfig; name = "Pods-beaconRangeUITests.release.xcconfig"; path = "Pods/Target Support Files/Pods-beaconRangeUITests/Pods-beaconRangeUITests.release.xcconfig"; sourceTree = "<group>"; };
		D5C3E3821A62387AF5378D45 /* Pods-beaconRange.debug.xcconfig */ = {isa = PBXFileReference; includeInIndex = 1; lastKnownFileType = text.xcconfig; name = "Pods-beaconRange.debug.xcconfig"; path = "Pods/Target Support Files/Pods-beaconRange/Pods-beaconRange.debug.xcconfig"; sourceTree = "<group>"; };
		EA339806A3BA31F8122DB16A /* Pods-beaconRangeTests.debug.xcconfig */ = {isa = PBXFileReference; includeInIndex = 1; lastKnownFileType = text.xcconfig; name = "Pods-beaconRangeTests.debug.xcconfig"; path = "Pods/Target Support Files/Pods-beaconRangeTests/Pods-beaconRangeTests.debug.xcconfig"; sourceTree = "<group>"; };
/* End PBXFileReference section */

/* Begin PBXFrameworksBuildPhase section */
		1484CE321D5B239B00BFAD6E /* Frameworks */ = {
			isa = PBXFrameworksBuildPhase;
			buildActionMask = 2147483647;
			files = (
				FC609DA74B3AA9B1C9EC87C5 /* Pods_beaconRange.framework in Frameworks */,
			);
			runOnlyForDeploymentPostprocessing = 0;
		};
		1484CE461D5B239B00BFAD6E /* Frameworks */ = {
			isa = PBXFrameworksBuildPhase;
			buildActionMask = 2147483647;
			files = (
				A989A50A7A3F183B7C053F79 /* Pods_beaconRangeTests.framework in Frameworks */,
			);
			runOnlyForDeploymentPostprocessing = 0;
		};
		1484CE511D5B239B00BFAD6E /* Frameworks */ = {
			isa = PBXFrameworksBuildPhase;
			buildActionMask = 2147483647;
			files = (
				A5C15ED84CEB646667F9032C /* Pods_beaconRangeUITests.framework in Frameworks */,
			);
			runOnlyForDeploymentPostprocessing = 0;
		};
/* End PBXFrameworksBuildPhase section */

/* Begin PBXGroup section */
		1484CE2C1D5B239B00BFAD6E = {
			isa = PBXGroup;
			children = (
				1484CE371D5B239B00BFAD6E /* beaconRange */,
				1484CE4C1D5B239B00BFAD6E /* beaconRangeTests */,
				1484CE571D5B239B00BFAD6E /* beaconRangeUITests */,
				1484CE361D5B239B00BFAD6E /* Products */,
				7AA6043D51FE4A73130D9133 /* Pods */,
				B1328C45DB15EA17B4D2FC00 /* Frameworks */,
			);
			sourceTree = "<group>";
		};
		1484CE361D5B239B00BFAD6E /* Products */ = {
			isa = PBXGroup;
			children = (
				1484CE351D5B239B00BFAD6E /* beaconRange.app */,
				1484CE491D5B239B00BFAD6E /* beaconRangeTests.xctest */,
				1484CE541D5B239B00BFAD6E /* beaconRangeUITests.xctest */,
			);
			name = Products;
			sourceTree = "<group>";
		};
		1484CE371D5B239B00BFAD6E /* beaconRange */ = {
			isa = PBXGroup;
			children = (
				1484CE381D5B239B00BFAD6E /* AppDelegate.swift */,
				1484CE3A1D5B239B00BFAD6E /* ViewController.swift */,
				1484CE3C1D5B239B00BFAD6E /* Main.storyboard */,
				1484CE3F1D5B239B00BFAD6E /* Assets.xcassets */,
				1484CE411D5B239B00BFAD6E /* LaunchScreen.storyboard */,
				1484CE441D5B239B00BFAD6E /* Info.plist */,
				1484CE721D5B294600BFAD6E /* Localizable.strings */,
			);
			path = beaconRange;
			sourceTree = "<group>";
		};
		1484CE4C1D5B239B00BFAD6E /* beaconRangeTests */ = {
			isa = PBXGroup;
			children = (
				1484CE4D1D5B239B00BFAD6E /* beaconRangeTests.swift */,
				1484CE4F1D5B239B00BFAD6E /* Info.plist */,
			);
			path = beaconRangeTests;
			sourceTree = "<group>";
		};
		1484CE571D5B239B00BFAD6E /* beaconRangeUITests */ = {
			isa = PBXGroup;
			children = (
				1484CE581D5B239B00BFAD6E /* beaconRangeUITests.swift */,
				1484CE5A1D5B239B00BFAD6E /* Info.plist */,
			);
			path = beaconRangeUITests;
			sourceTree = "<group>";
		};
		7AA6043D51FE4A73130D9133 /* Pods */ = {
			isa = PBXGroup;
			children = (
				D5C3E3821A62387AF5378D45 /* Pods-beaconRange.debug.xcconfig */,
				98E43326FB77DC34A4F8F008 /* Pods-beaconRange.release.xcconfig */,
				EA339806A3BA31F8122DB16A /* Pods-beaconRangeTests.debug.xcconfig */,
				71C2E750BCB242A858E7B695 /* Pods-beaconRangeTests.release.xcconfig */,
				8DDC33914B4015DF960AFF12 /* Pods-beaconRangeUITests.debug.xcconfig */,
				D42BEB3CAB48EFA0859EE5A3 /* Pods-beaconRangeUITests.release.xcconfig */,
			);
			name = Pods;
			sourceTree = "<group>";
		};
		B1328C45DB15EA17B4D2FC00 /* Frameworks */ = {
			isa = PBXGroup;
			children = (
				07DF8B0BDB5DF7005AD613B5 /* Pods_beaconRange.framework */,
				AE04247FCE858AD79DDE56A1 /* Pods_beaconRangeTests.framework */,
				58A1D3933061B8949A4DF197 /* Pods_beaconRangeUITests.framework */,
			);
			name = Frameworks;
			sourceTree = "<group>";
		};
/* End PBXGroup section */

/* Begin PBXNativeTarget section */
		1484CE341D5B239B00BFAD6E /* beaconRange */ = {
			isa = PBXNativeTarget;
			buildConfigurationList = 1484CE5D1D5B239B00BFAD6E /* Build configuration list for PBXNativeTarget "beaconRange" */;
			buildPhases = (
				BDBC3A3C4B25C3517A7C6C6F /* [CP] Check Pods Manifest.lock */,
				1484CE311D5B239B00BFAD6E /* Sources */,
				1484CE321D5B239B00BFAD6E /* Frameworks */,
				1484CE331D5B239B00BFAD6E /* Resources */,
				7DF1F97AC420C34EFB947B6C /* [CP] Embed Pods Frameworks */,
				37AD0A60D9495C127C9B502E /* [CP] Copy Pods Resources */,
			);
			buildRules = (
			);
			dependencies = (
			);
			name = beaconRange;
			productName = beaconRange;
			productReference = 1484CE351D5B239B00BFAD6E /* beaconRange.app */;
			productType = "com.apple.product-type.application";
		};
		1484CE481D5B239B00BFAD6E /* beaconRangeTests */ = {
			isa = PBXNativeTarget;
			buildConfigurationList = 1484CE601D5B239B00BFAD6E /* Build configuration list for PBXNativeTarget "beaconRangeTests" */;
			buildPhases = (
				EAA07252728244054765F129 /* [CP] Check Pods Manifest.lock */,
				1484CE451D5B239B00BFAD6E /* Sources */,
				1484CE461D5B239B00BFAD6E /* Frameworks */,
				1484CE471D5B239B00BFAD6E /* Resources */,
				9DF3D92356EFBE4DAE31B326 /* [CP] Embed Pods Frameworks */,
				B6FEFAC7371566C1DAE2033A /* [CP] Copy Pods Resources */,
			);
			buildRules = (
			);
			dependencies = (
				1484CE4B1D5B239B00BFAD6E /* PBXTargetDependency */,
			);
			name = beaconRangeTests;
			productName = beaconRangeTests;
			productReference = 1484CE491D5B239B00BFAD6E /* beaconRangeTests.xctest */;
			productType = "com.apple.product-type.bundle.unit-test";
		};
		1484CE531D5B239B00BFAD6E /* beaconRangeUITests */ = {
			isa = PBXNativeTarget;
			buildConfigurationList = 1484CE631D5B239B00BFAD6E /* Build configuration list for PBXNativeTarget "beaconRangeUITests" */;
			buildPhases = (
				7540467CAC35773A3277AE6A /* [CP] Check Pods Manifest.lock */,
				1484CE501D5B239B00BFAD6E /* Sources */,
				1484CE511D5B239B00BFAD6E /* Frameworks */,
				1484CE521D5B239B00BFAD6E /* Resources */,
				2E416A66AD1B11CA25F6E9CE /* [CP] Embed Pods Frameworks */,
				24D04A007C8F6278D54A4745 /* [CP] Copy Pods Resources */,
			);
			buildRules = (
			);
			dependencies = (
				1484CE561D5B239B00BFAD6E /* PBXTargetDependency */,
			);
			name = beaconRangeUITests;
			productName = beaconRangeUITests;
			productReference = 1484CE541D5B239B00BFAD6E /* beaconRangeUITests.xctest */;
			productType = "com.apple.product-type.bundle.ui-testing";
		};
/* End PBXNativeTarget section */

/* Begin PBXProject section */
		1484CE2D1D5B239B00BFAD6E /* Project object */ = {
			isa = PBXProject;
			attributes = {
				LastSwiftUpdateCheck = 0730;
				LastUpgradeCheck = 0730;
				ORGANIZATIONNAME = "R&D connecthings";
				TargetAttributes = {
					1484CE341D5B239B00BFAD6E = {
						CreatedOnToolsVersion = 7.3.1;
						DevelopmentTeam = 3T67HE76NG;
						LastSwiftMigration = 0800;
					};
					1484CE481D5B239B00BFAD6E = {
						CreatedOnToolsVersion = 7.3.1;
						LastSwiftMigration = 0800;
						TestTargetID = 1484CE341D5B239B00BFAD6E;
					};
					1484CE531D5B239B00BFAD6E = {
						CreatedOnToolsVersion = 7.3.1;
						LastSwiftMigration = 0800;
						TestTargetID = 1484CE341D5B239B00BFAD6E;
					};
				};
			};
			buildConfigurationList = 1484CE301D5B239B00BFAD6E /* Build configuration list for PBXProject "beaconRange" */;
			compatibilityVersion = "Xcode 3.2";
			developmentRegion = English;
			hasScannedForEncodings = 0;
			knownRegions = (
				en,
				Base,
			);
			mainGroup = 1484CE2C1D5B239B00BFAD6E;
			productRefGroup = 1484CE361D5B239B00BFAD6E /* Products */;
			projectDirPath = "";
			projectRoot = "";
			targets = (
				1484CE341D5B239B00BFAD6E /* beaconRange */,
				1484CE481D5B239B00BFAD6E /* beaconRangeTests */,
				1484CE531D5B239B00BFAD6E /* beaconRangeUITests */,
			);
		};
/* End PBXProject section */

/* Begin PBXResourcesBuildPhase section */
		1484CE331D5B239B00BFAD6E /* Resources */ = {
			isa = PBXResourcesBuildPhase;
			buildActionMask = 2147483647;
			files = (
				1484CE431D5B239B00BFAD6E /* LaunchScreen.storyboard in Resources */,
				1484CE701D5B294600BFAD6E /* Localizable.strings in Resources */,
				1484CE401D5B239B00BFAD6E /* Assets.xcassets in Resources */,
				1484CE3E1D5B239B00BFAD6E /* Main.storyboard in Resources */,
			);
			runOnlyForDeploymentPostprocessing = 0;
		};
		1484CE471D5B239B00BFAD6E /* Resources */ = {
			isa = PBXResourcesBuildPhase;
			buildActionMask = 2147483647;
			files = (
			);
			runOnlyForDeploymentPostprocessing = 0;
		};
		1484CE521D5B239B00BFAD6E /* Resources */ = {
			isa = PBXResourcesBuildPhase;
			buildActionMask = 2147483647;
			files = (
			);
			runOnlyForDeploymentPostprocessing = 0;
		};
/* End PBXResourcesBuildPhase section */

/* Begin PBXShellScriptBuildPhase section */
		24D04A007C8F6278D54A4745 /* [CP] Copy Pods Resources */ = {
			isa = PBXShellScriptBuildPhase;
			buildActionMask = 2147483647;
			files = (
			);
			inputPaths = (
			);
			name = "[CP] Copy Pods Resources";
			outputPaths = (
			);
			runOnlyForDeploymentPostprocessing = 0;
			shellPath = /bin/sh;
			shellScript = "\"${SRCROOT}/Pods/Target Support Files/Pods-beaconRangeUITests/Pods-beaconRangeUITests-resources.sh\"\n";
			showEnvVarsInLog = 0;
		};
		2E416A66AD1B11CA25F6E9CE /* [CP] Embed Pods Frameworks */ = {
			isa = PBXShellScriptBuildPhase;
			buildActionMask = 2147483647;
			files = (
			);
			inputPaths = (
			);
			name = "[CP] Embed Pods Frameworks";
			outputPaths = (
			);
			runOnlyForDeploymentPostprocessing = 0;
			shellPath = /bin/sh;
			shellScript = "\"${SRCROOT}/Pods/Target Support Files/Pods-beaconRangeUITests/Pods-beaconRangeUITests-frameworks.sh\"\n";
			showEnvVarsInLog = 0;
		};
		37AD0A60D9495C127C9B502E /* [CP] Copy Pods Resources */ = {
			isa = PBXShellScriptBuildPhase;
			buildActionMask = 2147483647;
			files = (
			);
			inputPaths = (
			);
			name = "[CP] Copy Pods Resources";
			outputPaths = (
			);
			runOnlyForDeploymentPostprocessing = 0;
			shellPath = /bin/sh;
			shellScript = "\"${SRCROOT}/Pods/Target Support Files/Pods-beaconRange/Pods-beaconRange-resources.sh\"\n";
			showEnvVarsInLog = 0;
		};
		7540467CAC35773A3277AE6A /* [CP] Check Pods Manifest.lock */ = {
			isa = PBXShellScriptBuildPhase;
			buildActionMask = 2147483647;
			files = (
			);
			inputPaths = (
			);
			name = "[CP] Check Pods Manifest.lock";
			outputPaths = (
			);
			runOnlyForDeploymentPostprocessing = 0;
			shellPath = /bin/sh;
			shellScript = "diff \"${PODS_ROOT}/../Podfile.lock\" \"${PODS_ROOT}/Manifest.lock\" > /dev/null\nif [ $? != 0 ] ; then\n    # print error to STDERR\n    echo \"error: The sandbox is not in sync with the Podfile.lock. Run 'pod install' or update your CocoaPods installation.\" >&2\n    exit 1\nfi\n";
			showEnvVarsInLog = 0;
		};
		7DF1F97AC420C34EFB947B6C /* [CP] Embed Pods Frameworks */ = {
			isa = PBXShellScriptBuildPhase;
			buildActionMask = 2147483647;
			files = (
			);
			inputPaths = (
			);
			name = "[CP] Embed Pods Frameworks";
			outputPaths = (
			);
			runOnlyForDeploymentPostprocessing = 0;
			shellPath = /bin/sh;
			shellScript = "\"${SRCROOT}/Pods/Target Support Files/Pods-beaconRange/Pods-beaconRange-frameworks.sh\"\n";
			showEnvVarsInLog = 0;
		};
		9DF3D92356EFBE4DAE31B326 /* [CP] Embed Pods Frameworks */ = {
			isa = PBXShellScriptBuildPhase;
			buildActionMask = 2147483647;
			files = (
			);
			inputPaths = (
			);
			name = "[CP] Embed Pods Frameworks";
			outputPaths = (
			);
			runOnlyForDeploymentPostprocessing = 0;
			shellPath = /bin/sh;
			shellScript = "\"${SRCROOT}/Pods/Target Support Files/Pods-beaconRangeTests/Pods-beaconRangeTests-frameworks.sh\"\n";
			showEnvVarsInLog = 0;
		};
		B6FEFAC7371566C1DAE2033A /* [CP] Copy Pods Resources */ = {
			isa = PBXShellScriptBuildPhase;
			buildActionMask = 2147483647;
			files = (
			);
			inputPaths = (
			);
			name = "[CP] Copy Pods Resources";
			outputPaths = (
			);
			runOnlyForDeploymentPostprocessing = 0;
			shellPath = /bin/sh;
			shellScript = "\"${SRCROOT}/Pods/Target Support Files/Pods-beaconRangeTests/Pods-beaconRangeTests-resources.sh\"\n";
			showEnvVarsInLog = 0;
		};
		BDBC3A3C4B25C3517A7C6C6F /* [CP] Check Pods Manifest.lock */ = {
			isa = PBXShellScriptBuildPhase;
			buildActionMask = 2147483647;
			files = (
			);
			inputPaths = (
			);
			name = "[CP] Check Pods Manifest.lock";
			outputPaths = (
			);
			runOnlyForDeploymentPostprocessing = 0;
			shellPath = /bin/sh;
			shellScript = "diff \"${PODS_ROOT}/../Podfile.lock\" \"${PODS_ROOT}/Manifest.lock\" > /dev/null\nif [ $? != 0 ] ; then\n    # print error to STDERR\n    echo \"error: The sandbox is not in sync with the Podfile.lock. Run 'pod install' or update your CocoaPods installation.\" >&2\n    exit 1\nfi\n";
			showEnvVarsInLog = 0;
		};
		EAA07252728244054765F129 /* [CP] Check Pods Manifest.lock */ = {
			isa = PBXShellScriptBuildPhase;
			buildActionMask = 2147483647;
			files = (
			);
			inputPaths = (
			);
			name = "[CP] Check Pods Manifest.lock";
			outputPaths = (
			);
			runOnlyForDeploymentPostprocessing = 0;
			shellPath = /bin/sh;
			shellScript = "diff \"${PODS_ROOT}/../Podfile.lock\" \"${PODS_ROOT}/Manifest.lock\" > /dev/null\nif [ $? != 0 ] ; then\n    # print error to STDERR\n    echo \"error: The sandbox is not in sync with the Podfile.lock. Run 'pod install' or update your CocoaPods installation.\" >&2\n    exit 1\nfi\n";
			showEnvVarsInLog = 0;
		};
/* End PBXShellScriptBuildPhase section */

/* Begin PBXSourcesBuildPhase section */
		1484CE311D5B239B00BFAD6E /* Sources */ = {
			isa = PBXSourcesBuildPhase;
			buildActionMask = 2147483647;
			files = (
				1484CE3B1D5B239B00BFAD6E /* ViewController.swift in Sources */,
				1484CE391D5B239B00BFAD6E /* AppDelegate.swift in Sources */,
			);
			runOnlyForDeploymentPostprocessing = 0;
		};
		1484CE451D5B239B00BFAD6E /* Sources */ = {
			isa = PBXSourcesBuildPhase;
			buildActionMask = 2147483647;
			files = (
				1484CE4E1D5B239B00BFAD6E /* beaconRangeTests.swift in Sources */,
			);
			runOnlyForDeploymentPostprocessing = 0;
		};
		1484CE501D5B239B00BFAD6E /* Sources */ = {
			isa = PBXSourcesBuildPhase;
			buildActionMask = 2147483647;
			files = (
				1484CE591D5B239B00BFAD6E /* beaconRangeUITests.swift in Sources */,
			);
			runOnlyForDeploymentPostprocessing = 0;
		};
/* End PBXSourcesBuildPhase section */

/* Begin PBXTargetDependency section */
		1484CE4B1D5B239B00BFAD6E /* PBXTargetDependency */ = {
			isa = PBXTargetDependency;
			target = 1484CE341D5B239B00BFAD6E /* beaconRange */;
			targetProxy = 1484CE4A1D5B239B00BFAD6E /* PBXContainerItemProxy */;
		};
		1484CE561D5B239B00BFAD6E /* PBXTargetDependency */ = {
			isa = PBXTargetDependency;
			target = 1484CE341D5B239B00BFAD6E /* beaconRange */;
			targetProxy = 1484CE551D5B239B00BFAD6E /* PBXContainerItemProxy */;
		};
/* End PBXTargetDependency section */

/* Begin PBXVariantGroup section */
		1484CE3C1D5B239B00BFAD6E /* Main.storyboard */ = {
			isa = PBXVariantGroup;
			children = (
				1484CE3D1D5B239B00BFAD6E /* Base */,
			);
			name = Main.storyboard;
			sourceTree = "<group>";
		};
		1484CE411D5B239B00BFAD6E /* LaunchScreen.storyboard */ = {
			isa = PBXVariantGroup;
			children = (
				1484CE421D5B239B00BFAD6E /* Base */,
			);
			name = LaunchScreen.storyboard;
			sourceTree = "<group>";
		};
		1484CE721D5B294600BFAD6E /* Localizable.strings */ = {
			isa = PBXVariantGroup;
			children = (
				1484CE711D5B294600BFAD6E /* Base */,
				1484CE731D5B297900BFAD6E /* en */,
			);
			name = Localizable.strings;
			sourceTree = "<group>";
		};
/* End PBXVariantGroup section */

/* Begin XCBuildConfiguration section */
		1484CE5B1D5B239B00BFAD6E /* Debug */ = {
			isa = XCBuildConfiguration;
			buildSettings = {
				ALWAYS_SEARCH_USER_PATHS = NO;
				CLANG_ANALYZER_NONNULL = YES;
				CLANG_CXX_LANGUAGE_STANDARD = "gnu++0x";
				CLANG_CXX_LIBRARY = "libc++";
				CLANG_ENABLE_MODULES = YES;
				CLANG_ENABLE_OBJC_ARC = YES;
				CLANG_WARN_BOOL_CONVERSION = YES;
				CLANG_WARN_CONSTANT_CONVERSION = YES;
				CLANG_WARN_DIRECT_OBJC_ISA_USAGE = YES_ERROR;
				CLANG_WARN_EMPTY_BODY = YES;
				CLANG_WARN_ENUM_CONVERSION = YES;
				CLANG_WARN_INT_CONVERSION = YES;
				CLANG_WARN_OBJC_ROOT_CLASS = YES_ERROR;
				CLANG_WARN_UNREACHABLE_CODE = YES;
				CLANG_WARN__DUPLICATE_METHOD_MATCH = YES;
				"CODE_SIGN_IDENTITY[sdk=iphoneos*]" = "iPhone Developer";
				COPY_PHASE_STRIP = NO;
				DEBUG_INFORMATION_FORMAT = dwarf;
				ENABLE_STRICT_OBJC_MSGSEND = YES;
				ENABLE_TESTABILITY = YES;
				GCC_C_LANGUAGE_STANDARD = gnu99;
				GCC_DYNAMIC_NO_PIC = NO;
				GCC_NO_COMMON_BLOCKS = YES;
				GCC_OPTIMIZATION_LEVEL = 0;
				GCC_PREPROCESSOR_DEFINITIONS = (
					"DEBUG=1",
					"$(inherited)",
				);
				GCC_WARN_64_TO_32_BIT_CONVERSION = YES;
				GCC_WARN_ABOUT_RETURN_TYPE = YES_ERROR;
				GCC_WARN_UNDECLARED_SELECTOR = YES;
				GCC_WARN_UNINITIALIZED_AUTOS = YES_AGGRESSIVE;
				GCC_WARN_UNUSED_FUNCTION = YES;
				GCC_WARN_UNUSED_VARIABLE = YES;
				IPHONEOS_DEPLOYMENT_TARGET = 9.3;
				MTL_ENABLE_DEBUG_INFO = YES;
				ONLY_ACTIVE_ARCH = YES;
				SDKROOT = iphoneos;
				SWIFT_OPTIMIZATION_LEVEL = "-Onone";
				TARGETED_DEVICE_FAMILY = "1,2";
			};
			name = Debug;
		};
		1484CE5C1D5B239B00BFAD6E /* Release */ = {
			isa = XCBuildConfiguration;
			buildSettings = {
				ALWAYS_SEARCH_USER_PATHS = NO;
				CLANG_ANALYZER_NONNULL = YES;
				CLANG_CXX_LANGUAGE_STANDARD = "gnu++0x";
				CLANG_CXX_LIBRARY = "libc++";
				CLANG_ENABLE_MODULES = YES;
				CLANG_ENABLE_OBJC_ARC = YES;
				CLANG_WARN_BOOL_CONVERSION = YES;
				CLANG_WARN_CONSTANT_CONVERSION = YES;
				CLANG_WARN_DIRECT_OBJC_ISA_USAGE = YES_ERROR;
				CLANG_WARN_EMPTY_BODY = YES;
				CLANG_WARN_ENUM_CONVERSION = YES;
				CLANG_WARN_INT_CONVERSION = YES;
				CLANG_WARN_OBJC_ROOT_CLASS = YES_ERROR;
				CLANG_WARN_UNREACHABLE_CODE = YES;
				CLANG_WARN__DUPLICATE_METHOD_MATCH = YES;
				"CODE_SIGN_IDENTITY[sdk=iphoneos*]" = "iPhone Developer";
				COPY_PHASE_STRIP = NO;
				DEBUG_INFORMATION_FORMAT = "dwarf-with-dsym";
				ENABLE_NS_ASSERTIONS = NO;
				ENABLE_STRICT_OBJC_MSGSEND = YES;
				GCC_C_LANGUAGE_STANDARD = gnu99;
				GCC_NO_COMMON_BLOCKS = YES;
				GCC_WARN_64_TO_32_BIT_CONVERSION = YES;
				GCC_WARN_ABOUT_RETURN_TYPE = YES_ERROR;
				GCC_WARN_UNDECLARED_SELECTOR = YES;
				GCC_WARN_UNINITIALIZED_AUTOS = YES_AGGRESSIVE;
				GCC_WARN_UNUSED_FUNCTION = YES;
				GCC_WARN_UNUSED_VARIABLE = YES;
				IPHONEOS_DEPLOYMENT_TARGET = 9.3;
				MTL_ENABLE_DEBUG_INFO = NO;
				SDKROOT = iphoneos;
				TARGETED_DEVICE_FAMILY = "1,2";
				VALIDATE_PRODUCT = YES;
			};
			name = Release;
		};
		1484CE5E1D5B239B00BFAD6E /* Debug */ = {
			isa = XCBuildConfiguration;
			baseConfigurationReference = D5C3E3821A62387AF5378D45 /* Pods-beaconRange.debug.xcconfig */;
			buildSettings = {
				ASSETCATALOG_COMPILER_APPICON_NAME = AppIcon;
				DEVELOPMENT_TEAM = 3T67HE76NG;
				INFOPLIST_FILE = beaconRange/Info.plist;
				IPHONEOS_DEPLOYMENT_TARGET = 10.0;
				LD_RUNPATH_SEARCH_PATHS = "$(inherited) @executable_path/Frameworks";
				PRODUCT_BUNDLE_IDENTIFIER = com.connecthings.beaconRange;
				PRODUCT_NAME = "$(TARGET_NAME)";
				SWIFT_VERSION = 3.0;
			};
			name = Debug;
		};
		1484CE5F1D5B239B00BFAD6E /* Release */ = {
			isa = XCBuildConfiguration;
			baseConfigurationReference = 98E43326FB77DC34A4F8F008 /* Pods-beaconRange.release.xcconfig */;
			buildSettings = {
				ASSETCATALOG_COMPILER_APPICON_NAME = AppIcon;
				DEVELOPMENT_TEAM = 3T67HE76NG;
				INFOPLIST_FILE = beaconRange/Info.plist;
				IPHONEOS_DEPLOYMENT_TARGET = 10.0;
				LD_RUNPATH_SEARCH_PATHS = "$(inherited) @executable_path/Frameworks";
				PRODUCT_BUNDLE_IDENTIFIER = com.connecthings.beaconRange;
				PRODUCT_NAME = "$(TARGET_NAME)";
				SWIFT_VERSION = 3.0;
			};
			name = Release;
		};
		1484CE611D5B239B00BFAD6E /* Debug */ = {
			isa = XCBuildConfiguration;
			baseConfigurationReference = EA339806A3BA31F8122DB16A /* Pods-beaconRangeTests.debug.xcconfig */;
			buildSettings = {
				BUNDLE_LOADER = "$(TEST_HOST)";
				INFOPLIST_FILE = beaconRangeTests/Info.plist;
				LD_RUNPATH_SEARCH_PATHS = "$(inherited) @executable_path/Frameworks @loader_path/Frameworks";
				PRODUCT_BUNDLE_IDENTIFIER = com.connecthings.beaconRangeTests;
				PRODUCT_NAME = "$(TARGET_NAME)";
				SWIFT_VERSION = 3.0;
				TEST_HOST = "$(BUILT_PRODUCTS_DIR)/beaconRange.app/beaconRange";
			};
			name = Debug;
		};
		1484CE621D5B239B00BFAD6E /* Release */ = {
			isa = XCBuildConfiguration;
			baseConfigurationReference = 71C2E750BCB242A858E7B695 /* Pods-beaconRangeTests.release.xcconfig */;
			buildSettings = {
				BUNDLE_LOADER = "$(TEST_HOST)";
				INFOPLIST_FILE = beaconRangeTests/Info.plist;
				LD_RUNPATH_SEARCH_PATHS = "$(inherited) @executable_path/Frameworks @loader_path/Frameworks";
				PRODUCT_BUNDLE_IDENTIFIER = com.connecthings.beaconRangeTests;
				PRODUCT_NAME = "$(TARGET_NAME)";
				SWIFT_VERSION = 3.0;
				TEST_HOST = "$(BUILT_PRODUCTS_DIR)/beaconRange.app/beaconRange";
			};
			name = Release;
		};
		1484CE641D5B239B00BFAD6E /* Debug */ = {
			isa = XCBuildConfiguration;
			baseConfigurationReference = 8DDC33914B4015DF960AFF12 /* Pods-beaconRangeUITests.debug.xcconfig */;
			buildSettings = {
				INFOPLIST_FILE = beaconRangeUITests/Info.plist;
				LD_RUNPATH_SEARCH_PATHS = "$(inherited) @executable_path/Frameworks @loader_path/Frameworks";
				PRODUCT_BUNDLE_IDENTIFIER = com.connecthings.beaconRangeUITests;
				PRODUCT_NAME = "$(TARGET_NAME)";
				SWIFT_VERSION = 3.0;
				TEST_TARGET_NAME = beaconRange;
			};
			name = Debug;
		};
		1484CE651D5B239B00BFAD6E /* Release */ = {
			isa = XCBuildConfiguration;
			baseConfigurationReference = D42BEB3CAB48EFA0859EE5A3 /* Pods-beaconRangeUITests.release.xcconfig */;
			buildSettings = {
				INFOPLIST_FILE = beaconRangeUITests/Info.plist;
				LD_RUNPATH_SEARCH_PATHS = "$(inherited) @executable_path/Frameworks @loader_path/Frameworks";
				PRODUCT_BUNDLE_IDENTIFIER = com.connecthings.beaconRangeUITests;
				PRODUCT_NAME = "$(TARGET_NAME)";
				SWIFT_VERSION = 3.0;
				TEST_TARGET_NAME = beaconRange;
			};
			name = Release;
		};
/* End XCBuildConfiguration section */

/* Begin XCConfigurationList section */
		1484CE301D5B239B00BFAD6E /* Build configuration list for PBXProject "beaconRange" */ = {
			isa = XCConfigurationList;
			buildConfigurations = (
				1484CE5B1D5B239B00BFAD6E /* Debug */,
				1484CE5C1D5B239B00BFAD6E /* Release */,
			);
			defaultConfigurationIsVisible = 0;
			defaultConfigurationName = Release;
		};
		1484CE5D1D5B239B00BFAD6E /* Build configuration list for PBXNativeTarget "beaconRange" */ = {
			isa = XCConfigurationList;
			buildConfigurations = (
				1484CE5E1D5B239B00BFAD6E /* Debug */,
				1484CE5F1D5B239B00BFAD6E /* Release */,
			);
			defaultConfigurationIsVisible = 0;
			defaultConfigurationName = Release;
		};
		1484CE601D5B239B00BFAD6E /* Build configuration list for PBXNativeTarget "beaconRangeTests" */ = {
			isa = XCConfigurationList;
			buildConfigurations = (
				1484CE611D5B239B00BFAD6E /* Debug */,
				1484CE621D5B239B00BFAD6E /* Release */,
			);
			defaultConfigurationIsVisible = 0;
			defaultConfigurationName = Release;
		};
		1484CE631D5B239B00BFAD6E /* Build configuration list for PBXNativeTarget "beaconRangeUITests" */ = {
			isa = XCConfigurationList;
			buildConfigurations = (
				1484CE641D5B239B00BFAD6E /* Debug */,
				1484CE651D5B239B00BFAD6E /* Release */,
			);
			defaultConfigurationIsVisible = 0;
			defaultConfigurationName = Release;
		};
/* End XCConfigurationList section */
	};
	rootObject = 1484CE2D1D5B239B00BFAD6E /* Project object */;
}
