// !$*UTF8*$!
{
	archiveVersion = 1;
	classes = {
	};
	objectVersion = 46;
	objects = {

/* Begin PBXBuildFile section */
		0ADB236C6FA79299B6E83D5B /* Pods_NotificationCompleteTests.framework in Frameworks */ = {isa = PBXBuildFile; fileRef = 18A17120CD472E3F2B0846E3 /* Pods_NotificationCompleteTests.framework */; };
		14156F0B1CAD88AB00D83ACF /* Localizable.strings in Resources */ = {isa = PBXBuildFile; fileRef = 14156F0D1CAD88AB00D83ACF /* Localizable.strings */; };
		14E45A911CA1B79500639B81 /* main.m in Sources */ = {isa = PBXBuildFile; fileRef = 14E45A901CA1B79500639B81 /* main.m */; };
		14E45A941CA1B79500639B81 /* AppDelegate.m in Sources */ = {isa = PBXBuildFile; fileRef = 14E45A931CA1B79500639B81 /* AppDelegate.m */; };
		14E45A971CA1B79500639B81 /* ViewControllerBeacon.m in Sources */ = {isa = PBXBuildFile; fileRef = 14E45A961CA1B79500639B81 /* ViewControllerBeacon.m */; };
		14E45A9A1CA1B79500639B81 /* Main.storyboard in Resources */ = {isa = PBXBuildFile; fileRef = 14E45A981CA1B79500639B81 /* Main.storyboard */; };
		14E45A9C1CA1B79500639B81 /* Assets.xcassets in Resources */ = {isa = PBXBuildFile; fileRef = 14E45A9B1CA1B79500639B81 /* Assets.xcassets */; };
		14E45A9F1CA1B79500639B81 /* LaunchScreen.storyboard in Resources */ = {isa = PBXBuildFile; fileRef = 14E45A9D1CA1B79500639B81 /* LaunchScreen.storyboard */; };
		14E45AAA1CA1B79500639B81 /* NotificationTests.m in Sources */ = {isa = PBXBuildFile; fileRef = 14E45AA91CA1B79500639B81 /* NotificationTests.m */; };
		14E45AB51CA1B79500639B81 /* NotificationUITests.m in Sources */ = {isa = PBXBuildFile; fileRef = 14E45AB41CA1B79500639B81 /* NotificationUITests.m */; };
		14E45AC31CA1B7EA00639B81 /* CoreLocation.framework in Frameworks */ = {isa = PBXBuildFile; fileRef = 14E45AC21CA1B7EA00639B81 /* CoreLocation.framework */; };
		14E45AC51CA1B7F100639B81 /* libsqlite3.0.tbd in Frameworks */ = {isa = PBXBuildFile; fileRef = 14E45AC41CA1B7F100639B81 /* libsqlite3.0.tbd */; };
		3885CBA699FE1C2F6905F78C /* Pods_NotificationComplete.framework in Frameworks */ = {isa = PBXBuildFile; fileRef = 218A2484A38C7AE056B5C8F2 /* Pods_NotificationComplete.framework */; };
		4384A2941FA367FA00C3A0BD /* AsyncNotificationTask.m in Sources */ = {isa = PBXBuildFile; fileRef = 4384A2931FA367FA00C3A0BD /* AsyncNotificationTask.m */; };
		7AE06484DB12328B84BEB3C4 /* Pods_NotificationCompleteUITests.framework in Frameworks */ = {isa = PBXBuildFile; fileRef = 51BB61B1D27208B21630A5D7 /* Pods_NotificationCompleteUITests.framework */; };
		7C86C85B1E37B76F008C6A33 /* MyBeaconNotificationBuilder.m in Sources */ = {isa = PBXBuildFile; fileRef = 7C86C85A1E37B76F008C6A33 /* MyBeaconNotificationBuilder.m */; };
		A81CC7D61FC5B017002610D5 /* MyNotificationDelegate.m in Sources */ = {isa = PBXBuildFile; fileRef = A81CC7D51FC5B017002610D5 /* MyNotificationDelegate.m */; };
/* End PBXBuildFile section */

/* Begin PBXContainerItemProxy section */
		14E45AA61CA1B79500639B81 /* PBXContainerItemProxy */ = {
			isa = PBXContainerItemProxy;
			containerPortal = 14E45A841CA1B79500639B81 /* Project object */;
			proxyType = 1;
			remoteGlobalIDString = 14E45A8B1CA1B79500639B81;
			remoteInfo = Notification;
		};
		14E45AB11CA1B79500639B81 /* PBXContainerItemProxy */ = {
			isa = PBXContainerItemProxy;
			containerPortal = 14E45A841CA1B79500639B81 /* Project object */;
			proxyType = 1;
			remoteGlobalIDString = 14E45A8B1CA1B79500639B81;
			remoteInfo = Notification;
		};
/* End PBXContainerItemProxy section */

/* Begin PBXFileReference section */
		14156F0C1CAD88AB00D83ACF /* Base */ = {isa = PBXFileReference; lastKnownFileType = text.plist.strings; name = Base; path = Base.lproj/Localizable.strings; sourceTree = "<group>"; };
		14E45A8C1CA1B79500639B81 /* NotificationComplete.app */ = {isa = PBXFileReference; explicitFileType = wrapper.application; includeInIndex = 0; path = NotificationComplete.app; sourceTree = BUILT_PRODUCTS_DIR; };
		14E45A901CA1B79500639B81 /* main.m */ = {isa = PBXFileReference; lastKnownFileType = sourcecode.c.objc; path = main.m; sourceTree = "<group>"; };
		14E45A921CA1B79500639B81 /* AppDelegate.h */ = {isa = PBXFileReference; lastKnownFileType = sourcecode.c.h; path = AppDelegate.h; sourceTree = "<group>"; };
		14E45A931CA1B79500639B81 /* AppDelegate.m */ = {isa = PBXFileReference; lastKnownFileType = sourcecode.c.objc; path = AppDelegate.m; sourceTree = "<group>"; };
		14E45A951CA1B79500639B81 /* ViewControllerBeacon.h */ = {isa = PBXFileReference; lastKnownFileType = sourcecode.c.h; path = ViewControllerBeacon.h; sourceTree = "<group>"; };
		14E45A961CA1B79500639B81 /* ViewControllerBeacon.m */ = {isa = PBXFileReference; lastKnownFileType = sourcecode.c.objc; path = ViewControllerBeacon.m; sourceTree = "<group>"; };
		14E45A991CA1B79500639B81 /* Base */ = {isa = PBXFileReference; lastKnownFileType = file.storyboard; name = Base; path = Base.lproj/Main.storyboard; sourceTree = "<group>"; };
		14E45A9B1CA1B79500639B81 /* Assets.xcassets */ = {isa = PBXFileReference; lastKnownFileType = folder.assetcatalog; path = Assets.xcassets; sourceTree = "<group>"; };
		14E45A9E1CA1B79500639B81 /* Base */ = {isa = PBXFileReference; lastKnownFileType = file.storyboard; name = Base; path = Base.lproj/LaunchScreen.storyboard; sourceTree = "<group>"; };
		14E45AA01CA1B79500639B81 /* Info.plist */ = {isa = PBXFileReference; lastKnownFileType = text.plist.xml; path = Info.plist; sourceTree = "<group>"; };
		14E45AA51CA1B79500639B81 /* NotificationCompleteTests.xctest */ = {isa = PBXFileReference; explicitFileType = wrapper.cfbundle; includeInIndex = 0; path = NotificationCompleteTests.xctest; sourceTree = BUILT_PRODUCTS_DIR; };
		14E45AA91CA1B79500639B81 /* NotificationTests.m */ = {isa = PBXFileReference; lastKnownFileType = sourcecode.c.objc; path = NotificationTests.m; sourceTree = "<group>"; };
		14E45AAB1CA1B79500639B81 /* Info.plist */ = {isa = PBXFileReference; lastKnownFileType = text.plist.xml; path = Info.plist; sourceTree = "<group>"; };
		14E45AB01CA1B79500639B81 /* NotificationCompleteUITests.xctest */ = {isa = PBXFileReference; explicitFileType = wrapper.cfbundle; includeInIndex = 0; path = NotificationCompleteUITests.xctest; sourceTree = BUILT_PRODUCTS_DIR; };
		14E45AB41CA1B79500639B81 /* NotificationUITests.m */ = {isa = PBXFileReference; lastKnownFileType = sourcecode.c.objc; path = NotificationUITests.m; sourceTree = "<group>"; };
		14E45AB61CA1B79500639B81 /* Info.plist */ = {isa = PBXFileReference; lastKnownFileType = text.plist.xml; path = Info.plist; sourceTree = "<group>"; };
		14E45AC21CA1B7EA00639B81 /* CoreLocation.framework */ = {isa = PBXFileReference; lastKnownFileType = wrapper.framework; name = CoreLocation.framework; path = System/Library/Frameworks/CoreLocation.framework; sourceTree = SDKROOT; };
		14E45AC41CA1B7F100639B81 /* libsqlite3.0.tbd */ = {isa = PBXFileReference; lastKnownFileType = "sourcecode.text-based-dylib-definition"; name = libsqlite3.0.tbd; path = usr/lib/libsqlite3.0.tbd; sourceTree = SDKROOT; };
		18A17120CD472E3F2B0846E3 /* Pods_NotificationCompleteTests.framework */ = {isa = PBXFileReference; explicitFileType = wrapper.framework; includeInIndex = 0; path = Pods_NotificationCompleteTests.framework; sourceTree = BUILT_PRODUCTS_DIR; };
		1A67A72CB201F69544964394 /* Pods-NotificationComplete.debug.xcconfig */ = {isa = PBXFileReference; includeInIndex = 1; lastKnownFileType = text.xcconfig; name = "Pods-NotificationComplete.debug.xcconfig"; path = "Pods/Target Support Files/Pods-NotificationComplete/Pods-NotificationComplete.debug.xcconfig"; sourceTree = "<group>"; };
		218A2484A38C7AE056B5C8F2 /* Pods_NotificationComplete.framework */ = {isa = PBXFileReference; explicitFileType = wrapper.framework; includeInIndex = 0; path = Pods_NotificationComplete.framework; sourceTree = BUILT_PRODUCTS_DIR; };
		4384A2921FA367E600C3A0BD /* AsyncNotificationTask.h */ = {isa = PBXFileReference; lastKnownFileType = sourcecode.c.h; path = AsyncNotificationTask.h; sourceTree = "<group>"; };
		4384A2931FA367FA00C3A0BD /* AsyncNotificationTask.m */ = {isa = PBXFileReference; lastKnownFileType = sourcecode.c.objc; path = AsyncNotificationTask.m; sourceTree = "<group>"; };
		51BB61B1D27208B21630A5D7 /* Pods_NotificationCompleteUITests.framework */ = {isa = PBXFileReference; explicitFileType = wrapper.framework; includeInIndex = 0; path = Pods_NotificationCompleteUITests.framework; sourceTree = BUILT_PRODUCTS_DIR; };
		5F5621C4276CEDC90484AE63 /* Pods-NotificationCompleteUITests.debug.xcconfig */ = {isa = PBXFileReference; includeInIndex = 1; lastKnownFileType = text.xcconfig; name = "Pods-NotificationCompleteUITests.debug.xcconfig"; path = "Pods/Target Support Files/Pods-NotificationCompleteUITests/Pods-NotificationCompleteUITests.debug.xcconfig"; sourceTree = "<group>"; };
		7956903B2B8F50D23C851C37 /* Pods-NotificationCompleteUITests.release.xcconfig */ = {isa = PBXFileReference; includeInIndex = 1; lastKnownFileType = text.xcconfig; name = "Pods-NotificationCompleteUITests.release.xcconfig"; path = "Pods/Target Support Files/Pods-NotificationCompleteUITests/Pods-NotificationCompleteUITests.release.xcconfig"; sourceTree = "<group>"; };
		7C86C8591E37B76F008C6A33 /* MyBeaconNotificationBuilder.h */ = {isa = PBXFileReference; fileEncoding = 4; lastKnownFileType = sourcecode.c.h; path = MyBeaconNotificationBuilder.h; sourceTree = "<group>"; };
		7C86C85A1E37B76F008C6A33 /* MyBeaconNotificationBuilder.m */ = {isa = PBXFileReference; fileEncoding = 4; lastKnownFileType = sourcecode.c.objc; path = MyBeaconNotificationBuilder.m; sourceTree = "<group>"; };
		8CCCEDAD1A3A77BC599A0961 /* Pods-NotificationCompleteTests.debug.xcconfig */ = {isa = PBXFileReference; includeInIndex = 1; lastKnownFileType = text.xcconfig; name = "Pods-NotificationCompleteTests.debug.xcconfig"; path = "Pods/Target Support Files/Pods-NotificationCompleteTests/Pods-NotificationCompleteTests.debug.xcconfig"; sourceTree = "<group>"; };
		A81CC7D41FC5B017002610D5 /* MyNotificationDelegate.h */ = {isa = PBXFileReference; fileEncoding = 4; lastKnownFileType = sourcecode.c.h; path = MyNotificationDelegate.h; sourceTree = "<group>"; };
		A81CC7D51FC5B017002610D5 /* MyNotificationDelegate.m */ = {isa = PBXFileReference; fileEncoding = 4; lastKnownFileType = sourcecode.c.objc; path = MyNotificationDelegate.m; sourceTree = "<group>"; };
		E9816C194C9F035617844AC4 /* Pods-NotificationComplete.release.xcconfig */ = {isa = PBXFileReference; includeInIndex = 1; lastKnownFileType = text.xcconfig; name = "Pods-NotificationComplete.release.xcconfig"; path = "Pods/Target Support Files/Pods-NotificationComplete/Pods-NotificationComplete.release.xcconfig"; sourceTree = "<group>"; };
		ED0FC898FA8E83F0D9A2DF17 /* Pods-NotificationCompleteTests.release.xcconfig */ = {isa = PBXFileReference; includeInIndex = 1; lastKnownFileType = text.xcconfig; name = "Pods-NotificationCompleteTests.release.xcconfig"; path = "Pods/Target Support Files/Pods-NotificationCompleteTests/Pods-NotificationCompleteTests.release.xcconfig"; sourceTree = "<group>"; };
/* End PBXFileReference section */

/* Begin PBXFrameworksBuildPhase section */
		14E45A891CA1B79500639B81 /* Frameworks */ = {
			isa = PBXFrameworksBuildPhase;
			buildActionMask = 2147483647;
			files = (
				14E45AC51CA1B7F100639B81 /* libsqlite3.0.tbd in Frameworks */,
				14E45AC31CA1B7EA00639B81 /* CoreLocation.framework in Frameworks */,
				3885CBA699FE1C2F6905F78C /* Pods_NotificationComplete.framework in Frameworks */,
			);
			runOnlyForDeploymentPostprocessing = 0;
		};
		14E45AA21CA1B79500639B81 /* Frameworks */ = {
			isa = PBXFrameworksBuildPhase;
			buildActionMask = 2147483647;
			files = (
				0ADB236C6FA79299B6E83D5B /* Pods_NotificationCompleteTests.framework in Frameworks */,
			);
			runOnlyForDeploymentPostprocessing = 0;
		};
		14E45AAD1CA1B79500639B81 /* Frameworks */ = {
			isa = PBXFrameworksBuildPhase;
			buildActionMask = 2147483647;
			files = (
				7AE06484DB12328B84BEB3C4 /* Pods_NotificationCompleteUITests.framework in Frameworks */,
			);
			runOnlyForDeploymentPostprocessing = 0;
		};
/* End PBXFrameworksBuildPhase section */

/* Begin PBXGroup section */
		14E45A831CA1B79500639B81 = {
			isa = PBXGroup;
			children = (
				14E45A8E1CA1B79500639B81 /* NotificationComplete */,
				14E45AA81CA1B79500639B81 /* NotificationCompleteTests */,
				14E45AB31CA1B79500639B81 /* NotificationCompleteUITests */,
				14E45A8D1CA1B79500639B81 /* Products */,
				D9C6CEB6648DE0A0A111FA0D /* Frameworks */,
				7099486AB800F597AC717729 /* Pods */,
			);
			sourceTree = "<group>";
		};
		14E45A8D1CA1B79500639B81 /* Products */ = {
			isa = PBXGroup;
			children = (
				14E45A8C1CA1B79500639B81 /* NotificationComplete.app */,
				14E45AA51CA1B79500639B81 /* NotificationCompleteTests.xctest */,
				14E45AB01CA1B79500639B81 /* NotificationCompleteUITests.xctest */,
			);
			name = Products;
			sourceTree = "<group>";
		};
		14E45A8E1CA1B79500639B81 /* NotificationComplete */ = {
			isa = PBXGroup;
			children = (
				A81CC7D41FC5B017002610D5 /* MyNotificationDelegate.h */,
				A81CC7D51FC5B017002610D5 /* MyNotificationDelegate.m */,
				14E45A921CA1B79500639B81 /* AppDelegate.h */,
				14E45A931CA1B79500639B81 /* AppDelegate.m */,
				4384A2921FA367E600C3A0BD /* AsyncNotificationTask.h */,
				4384A2931FA367FA00C3A0BD /* AsyncNotificationTask.m */,
				7C86C8591E37B76F008C6A33 /* MyBeaconNotificationBuilder.h */,
				7C86C85A1E37B76F008C6A33 /* MyBeaconNotificationBuilder.m */,
				14E45A951CA1B79500639B81 /* ViewControllerBeacon.h */,
				14E45A961CA1B79500639B81 /* ViewControllerBeacon.m */,
				14E45A981CA1B79500639B81 /* Main.storyboard */,
				14E45A9B1CA1B79500639B81 /* Assets.xcassets */,
				14E45A9D1CA1B79500639B81 /* LaunchScreen.storyboard */,
				14E45AA01CA1B79500639B81 /* Info.plist */,
				14E45A8F1CA1B79500639B81 /* Supporting Files */,
			);
			path = NotificationComplete;
			sourceTree = "<group>";
		};
		14E45A8F1CA1B79500639B81 /* Supporting Files */ = {
			isa = PBXGroup;
			children = (
				14E45A901CA1B79500639B81 /* main.m */,
				14156F0D1CAD88AB00D83ACF /* Localizable.strings */,
			);
			name = "Supporting Files";
			sourceTree = "<group>";
		};
		14E45AA81CA1B79500639B81 /* NotificationCompleteTests */ = {
			isa = PBXGroup;
			children = (
				14E45AA91CA1B79500639B81 /* NotificationTests.m */,
				14E45AAB1CA1B79500639B81 /* Info.plist */,
			);
			path = NotificationCompleteTests;
			sourceTree = "<group>";
		};
		14E45AB31CA1B79500639B81 /* NotificationCompleteUITests */ = {
			isa = PBXGroup;
			children = (
				14E45AB41CA1B79500639B81 /* NotificationUITests.m */,
				14E45AB61CA1B79500639B81 /* Info.plist */,
			);
			path = NotificationCompleteUITests;
			sourceTree = "<group>";
		};
		7099486AB800F597AC717729 /* Pods */ = {
			isa = PBXGroup;
			children = (
				1A67A72CB201F69544964394 /* Pods-NotificationComplete.debug.xcconfig */,
				E9816C194C9F035617844AC4 /* Pods-NotificationComplete.release.xcconfig */,
				8CCCEDAD1A3A77BC599A0961 /* Pods-NotificationCompleteTests.debug.xcconfig */,
				ED0FC898FA8E83F0D9A2DF17 /* Pods-NotificationCompleteTests.release.xcconfig */,
				5F5621C4276CEDC90484AE63 /* Pods-NotificationCompleteUITests.debug.xcconfig */,
				7956903B2B8F50D23C851C37 /* Pods-NotificationCompleteUITests.release.xcconfig */,
			);
			name = Pods;
			sourceTree = "<group>";
		};
		D9C6CEB6648DE0A0A111FA0D /* Frameworks */ = {
			isa = PBXGroup;
			children = (
				14E45AC41CA1B7F100639B81 /* libsqlite3.0.tbd */,
				14E45AC21CA1B7EA00639B81 /* CoreLocation.framework */,
				18A17120CD472E3F2B0846E3 /* Pods_NotificationCompleteTests.framework */,
				51BB61B1D27208B21630A5D7 /* Pods_NotificationCompleteUITests.framework */,
				218A2484A38C7AE056B5C8F2 /* Pods_NotificationComplete.framework */,
			);
			name = Frameworks;
			sourceTree = "<group>";
		};
/* End PBXGroup section */

/* Begin PBXNativeTarget section */
		14E45A8B1CA1B79500639B81 /* NotificationComplete */ = {
			isa = PBXNativeTarget;
			buildConfigurationList = 14E45AB91CA1B79500639B81 /* Build configuration list for PBXNativeTarget "NotificationComplete" */;
			buildPhases = (
				830F333123F3EA62FEE4714D /* [CP] Check Pods Manifest.lock */,
				14E45A881CA1B79500639B81 /* Sources */,
				14E45A891CA1B79500639B81 /* Frameworks */,
				14E45A8A1CA1B79500639B81 /* Resources */,
				0362A15D807E05BB68318254 /* [CP] Embed Pods Frameworks */,
				EFAA6E9C64A1E8BA7384DF98 /* [CP] Copy Pods Resources */,
			);
			buildRules = (
			);
			dependencies = (
			);
			name = NotificationComplete;
			productName = Notification;
			productReference = 14E45A8C1CA1B79500639B81 /* NotificationComplete.app */;
			productType = "com.apple.product-type.application";
		};
		14E45AA41CA1B79500639B81 /* NotificationCompleteTests */ = {
			isa = PBXNativeTarget;
			buildConfigurationList = 14E45ABC1CA1B79500639B81 /* Build configuration list for PBXNativeTarget "NotificationCompleteTests" */;
			buildPhases = (
				474A8CBF68C7658F58EBCC30 /* [CP] Check Pods Manifest.lock */,
				14E45AA11CA1B79500639B81 /* Sources */,
				14E45AA21CA1B79500639B81 /* Frameworks */,
				14E45AA31CA1B79500639B81 /* Resources */,
				BA99C00C637999E2C5738AB4 /* [CP] Embed Pods Frameworks */,
				A1D0A9CDE4724C24E8B573DC /* [CP] Copy Pods Resources */,
			);
			buildRules = (
			);
			dependencies = (
				14E45AA71CA1B79500639B81 /* PBXTargetDependency */,
			);
			name = NotificationCompleteTests;
			productName = NotificationTests;
			productReference = 14E45AA51CA1B79500639B81 /* NotificationCompleteTests.xctest */;
			productType = "com.apple.product-type.bundle.unit-test";
		};
		14E45AAF1CA1B79500639B81 /* NotificationCompleteUITests */ = {
			isa = PBXNativeTarget;
			buildConfigurationList = 14E45ABF1CA1B79500639B81 /* Build configuration list for PBXNativeTarget "NotificationCompleteUITests" */;
			buildPhases = (
				259EC472B86B3794550D901C /* [CP] Check Pods Manifest.lock */,
				14E45AAC1CA1B79500639B81 /* Sources */,
				14E45AAD1CA1B79500639B81 /* Frameworks */,
				14E45AAE1CA1B79500639B81 /* Resources */,
				1EEC4F20326BA308D8F3B371 /* [CP] Embed Pods Frameworks */,
				F263DB7D26808FA5E46345B5 /* [CP] Copy Pods Resources */,
			);
			buildRules = (
			);
			dependencies = (
				14E45AB21CA1B79500639B81 /* PBXTargetDependency */,
			);
			name = NotificationCompleteUITests;
			productName = NotificationUITests;
			productReference = 14E45AB01CA1B79500639B81 /* NotificationCompleteUITests.xctest */;
			productType = "com.apple.product-type.bundle.ui-testing";
		};
/* End PBXNativeTarget section */

/* Begin PBXProject section */
		14E45A841CA1B79500639B81 /* Project object */ = {
			isa = PBXProject;
			attributes = {
				LastUpgradeCheck = 0910;
				ORGANIZATIONNAME = "sarra srairi";
				TargetAttributes = {
					14E45A8B1CA1B79500639B81 = {
						CreatedOnToolsVersion = 7.2;
						DevelopmentTeam = 3T67HE76NG;
					};
					14E45AA41CA1B79500639B81 = {
						CreatedOnToolsVersion = 7.2;
						TestTargetID = 14E45A8B1CA1B79500639B81;
					};
					14E45AAF1CA1B79500639B81 = {
						CreatedOnToolsVersion = 7.2;
						TestTargetID = 14E45A8B1CA1B79500639B81;
					};
				};
			};
			buildConfigurationList = 14E45A871CA1B79500639B81 /* Build configuration list for PBXProject "NotificationComplete" */;
			compatibilityVersion = "Xcode 3.2";
			developmentRegion = English;
			hasScannedForEncodings = 0;
			knownRegions = (
				en,
				Base,
			);
			mainGroup = 14E45A831CA1B79500639B81;
			productRefGroup = 14E45A8D1CA1B79500639B81 /* Products */;
			projectDirPath = "";
			projectRoot = "";
			targets = (
				14E45A8B1CA1B79500639B81 /* NotificationComplete */,
				14E45AA41CA1B79500639B81 /* NotificationCompleteTests */,
				14E45AAF1CA1B79500639B81 /* NotificationCompleteUITests */,
			);
		};
/* End PBXProject section */

/* Begin PBXResourcesBuildPhase section */
		14E45A8A1CA1B79500639B81 /* Resources */ = {
			isa = PBXResourcesBuildPhase;
			buildActionMask = 2147483647;
			files = (
				14E45A9F1CA1B79500639B81 /* LaunchScreen.storyboard in Resources */,
				14156F0B1CAD88AB00D83ACF /* Localizable.strings in Resources */,
				14E45A9C1CA1B79500639B81 /* Assets.xcassets in Resources */,
				14E45A9A1CA1B79500639B81 /* Main.storyboard in Resources */,
			);
			runOnlyForDeploymentPostprocessing = 0;
		};
		14E45AA31CA1B79500639B81 /* Resources */ = {
			isa = PBXResourcesBuildPhase;
			buildActionMask = 2147483647;
			files = (
			);
			runOnlyForDeploymentPostprocessing = 0;
		};
		14E45AAE1CA1B79500639B81 /* Resources */ = {
			isa = PBXResourcesBuildPhase;
			buildActionMask = 2147483647;
			files = (
			);
			runOnlyForDeploymentPostprocessing = 0;
		};
/* End PBXResourcesBuildPhase section */

/* Begin PBXShellScriptBuildPhase section */
		0362A15D807E05BB68318254 /* [CP] Embed Pods Frameworks */ = {
			isa = PBXShellScriptBuildPhase;
			buildActionMask = 2147483647;
			files = (
			);
			inputPaths = (
				"${SRCROOT}/Pods/Target Support Files/Pods-NotificationComplete/Pods-NotificationComplete-frameworks.sh",
				"${PODS_ROOT}/AdtagAnalytics/AdtagAnalytics.framework",
				"${PODS_ROOT}/AdtagConnection/AdtagConnection.framework",
				"${PODS_ROOT}/AdtagLocationBeacon/AdtagLocationBeacon.framework",
				"${BUILT_PRODUCTS_DIR}/CocoaLumberjack/CocoaLumberjack.framework",
				"${PODS_ROOT}/ConnectPlaceActions/ConnectPlaceActions.framework",
				"${PODS_ROOT}/ConnectPlaceBeaconDetection/ConnectPlaceBeaconDetection.framework",
				"${PODS_ROOT}/ConnectPlaceCommon/ConnectPlaceCommon.framework",
				"${PODS_ROOT}/ConnectPlaceProvider/ConnectPlaceProvider.framework",
				"${BUILT_PRODUCTS_DIR}/PromiseKit/PromiseKit.framework",
				"${BUILT_PRODUCTS_DIR}/SQLite.swift/SQLite.framework",
			);
			name = "[CP] Embed Pods Frameworks";
			outputPaths = (
				"${TARGET_BUILD_DIR}/${FRAMEWORKS_FOLDER_PATH}/AdtagAnalytics.framework",
				"${TARGET_BUILD_DIR}/${FRAMEWORKS_FOLDER_PATH}/AdtagConnection.framework",
				"${TARGET_BUILD_DIR}/${FRAMEWORKS_FOLDER_PATH}/AdtagLocationBeacon.framework",
				"${TARGET_BUILD_DIR}/${FRAMEWORKS_FOLDER_PATH}/CocoaLumberjack.framework",
				"${TARGET_BUILD_DIR}/${FRAMEWORKS_FOLDER_PATH}/ConnectPlaceActions.framework",
				"${TARGET_BUILD_DIR}/${FRAMEWORKS_FOLDER_PATH}/ConnectPlaceBeaconDetection.framework",
				"${TARGET_BUILD_DIR}/${FRAMEWORKS_FOLDER_PATH}/ConnectPlaceCommon.framework",
				"${TARGET_BUILD_DIR}/${FRAMEWORKS_FOLDER_PATH}/ConnectPlaceProvider.framework",
				"${TARGET_BUILD_DIR}/${FRAMEWORKS_FOLDER_PATH}/PromiseKit.framework",
				"${TARGET_BUILD_DIR}/${FRAMEWORKS_FOLDER_PATH}/SQLite.framework",
			);
			runOnlyForDeploymentPostprocessing = 0;
			shellPath = /bin/sh;
			shellScript = "\"${SRCROOT}/Pods/Target Support Files/Pods-NotificationComplete/Pods-NotificationComplete-frameworks.sh\"\n";
			showEnvVarsInLog = 0;
		};
		1EEC4F20326BA308D8F3B371 /* [CP] Embed Pods Frameworks */ = {
			isa = PBXShellScriptBuildPhase;
			buildActionMask = 2147483647;
			files = (
			);
			inputPaths = (
			);
			name = "[CP] Embed Pods Frameworks";
			outputPaths = (
			);
			runOnlyForDeploymentPostprocessing = 0;
			shellPath = /bin/sh;
			shellScript = "\"${SRCROOT}/Pods/Target Support Files/Pods-NotificationCompleteUITests/Pods-NotificationCompleteUITests-frameworks.sh\"\n";
			showEnvVarsInLog = 0;
		};
		259EC472B86B3794550D901C /* [CP] Check Pods Manifest.lock */ = {
			isa = PBXShellScriptBuildPhase;
			buildActionMask = 2147483647;
			files = (
			);
			inputPaths = (
				"${PODS_PODFILE_DIR_PATH}/Podfile.lock",
				"${PODS_ROOT}/Manifest.lock",
			);
			name = "[CP] Check Pods Manifest.lock";
			outputPaths = (
				"$(DERIVED_FILE_DIR)/Pods-NotificationCompleteUITests-checkManifestLockResult.txt",
			);
			runOnlyForDeploymentPostprocessing = 0;
			shellPath = /bin/sh;
			shellScript = "diff \"${PODS_PODFILE_DIR_PATH}/Podfile.lock\" \"${PODS_ROOT}/Manifest.lock\" > /dev/null\nif [ $? != 0 ] ; then\n    # print error to STDERR\n    echo \"error: The sandbox is not in sync with the Podfile.lock. Run 'pod install' or update your CocoaPods installation.\" >&2\n    exit 1\nfi\n";
			showEnvVarsInLog = 0;
		};
		474A8CBF68C7658F58EBCC30 /* [CP] Check Pods Manifest.lock */ = {
			isa = PBXShellScriptBuildPhase;
			buildActionMask = 2147483647;
			files = (
			);
			inputPaths = (
				"${PODS_PODFILE_DIR_PATH}/Podfile.lock",
				"${PODS_ROOT}/Manifest.lock",
			);
			name = "[CP] Check Pods Manifest.lock";
			outputPaths = (
				"$(DERIVED_FILE_DIR)/Pods-NotificationCompleteTests-checkManifestLockResult.txt",
			);
			runOnlyForDeploymentPostprocessing = 0;
			shellPath = /bin/sh;
			shellScript = "diff \"${PODS_PODFILE_DIR_PATH}/Podfile.lock\" \"${PODS_ROOT}/Manifest.lock\" > /dev/null\nif [ $? != 0 ] ; then\n    # print error to STDERR\n    echo \"error: The sandbox is not in sync with the Podfile.lock. Run 'pod install' or update your CocoaPods installation.\" >&2\n    exit 1\nfi\n";
			showEnvVarsInLog = 0;
		};
		830F333123F3EA62FEE4714D /* [CP] Check Pods Manifest.lock */ = {
			isa = PBXShellScriptBuildPhase;
			buildActionMask = 2147483647;
			files = (
			);
			inputPaths = (
				"${PODS_PODFILE_DIR_PATH}/Podfile.lock",
				"${PODS_ROOT}/Manifest.lock",
			);
			name = "[CP] Check Pods Manifest.lock";
			outputPaths = (
				"$(DERIVED_FILE_DIR)/Pods-NotificationComplete-checkManifestLockResult.txt",
			);
			runOnlyForDeploymentPostprocessing = 0;
			shellPath = /bin/sh;
			shellScript = "diff \"${PODS_PODFILE_DIR_PATH}/Podfile.lock\" \"${PODS_ROOT}/Manifest.lock\" > /dev/null\nif [ $? != 0 ] ; then\n    # print error to STDERR\n    echo \"error: The sandbox is not in sync with the Podfile.lock. Run 'pod install' or update your CocoaPods installation.\" >&2\n    exit 1\nfi\n";
			showEnvVarsInLog = 0;
		};
		A1D0A9CDE4724C24E8B573DC /* [CP] Copy Pods Resources */ = {
			isa = PBXShellScriptBuildPhase;
			buildActionMask = 2147483647;
			files = (
			);
			inputPaths = (
			);
			name = "[CP] Copy Pods Resources";
			outputPaths = (
			);
			runOnlyForDeploymentPostprocessing = 0;
			shellPath = /bin/sh;
			shellScript = "\"${SRCROOT}/Pods/Target Support Files/Pods-NotificationCompleteTests/Pods-NotificationCompleteTests-resources.sh\"\n";
			showEnvVarsInLog = 0;
		};
		BA99C00C637999E2C5738AB4 /* [CP] Embed Pods Frameworks */ = {
			isa = PBXShellScriptBuildPhase;
			buildActionMask = 2147483647;
			files = (
			);
			inputPaths = (
			);
			name = "[CP] Embed Pods Frameworks";
			outputPaths = (
			);
			runOnlyForDeploymentPostprocessing = 0;
			shellPath = /bin/sh;
			shellScript = "\"${SRCROOT}/Pods/Target Support Files/Pods-NotificationCompleteTests/Pods-NotificationCompleteTests-frameworks.sh\"\n";
			showEnvVarsInLog = 0;
		};
		EFAA6E9C64A1E8BA7384DF98 /* [CP] Copy Pods Resources */ = {
			isa = PBXShellScriptBuildPhase;
			buildActionMask = 2147483647;
			files = (
			);
			inputPaths = (
			);
			name = "[CP] Copy Pods Resources";
			outputPaths = (
			);
			runOnlyForDeploymentPostprocessing = 0;
			shellPath = /bin/sh;
			shellScript = "\"${SRCROOT}/Pods/Target Support Files/Pods-NotificationComplete/Pods-NotificationComplete-resources.sh\"\n";
			showEnvVarsInLog = 0;
		};
		F263DB7D26808FA5E46345B5 /* [CP] Copy Pods Resources */ = {
			isa = PBXShellScriptBuildPhase;
			buildActionMask = 2147483647;
			files = (
			);
			inputPaths = (
			);
			name = "[CP] Copy Pods Resources";
			outputPaths = (
			);
			runOnlyForDeploymentPostprocessing = 0;
			shellPath = /bin/sh;
			shellScript = "\"${SRCROOT}/Pods/Target Support Files/Pods-NotificationCompleteUITests/Pods-NotificationCompleteUITests-resources.sh\"\n";
			showEnvVarsInLog = 0;
		};
/* End PBXShellScriptBuildPhase section */

/* Begin PBXSourcesBuildPhase section */
		14E45A881CA1B79500639B81 /* Sources */ = {
			isa = PBXSourcesBuildPhase;
			buildActionMask = 2147483647;
			files = (
				4384A2941FA367FA00C3A0BD /* AsyncNotificationTask.m in Sources */,
				7C86C85B1E37B76F008C6A33 /* MyBeaconNotificationBuilder.m in Sources */,
				14E45A971CA1B79500639B81 /* ViewControllerBeacon.m in Sources */,
				14E45A941CA1B79500639B81 /* AppDelegate.m in Sources */,
				14E45A911CA1B79500639B81 /* main.m in Sources */,
				A81CC7D61FC5B017002610D5 /* MyNotificationDelegate.m in Sources */,
			);
			runOnlyForDeploymentPostprocessing = 0;
		};
		14E45AA11CA1B79500639B81 /* Sources */ = {
			isa = PBXSourcesBuildPhase;
			buildActionMask = 2147483647;
			files = (
				14E45AAA1CA1B79500639B81 /* NotificationTests.m in Sources */,
			);
			runOnlyForDeploymentPostprocessing = 0;
		};
		14E45AAC1CA1B79500639B81 /* Sources */ = {
			isa = PBXSourcesBuildPhase;
			buildActionMask = 2147483647;
			files = (
				14E45AB51CA1B79500639B81 /* NotificationUITests.m in Sources */,
			);
			runOnlyForDeploymentPostprocessing = 0;
		};
/* End PBXSourcesBuildPhase section */

/* Begin PBXTargetDependency section */
		14E45AA71CA1B79500639B81 /* PBXTargetDependency */ = {
			isa = PBXTargetDependency;
			target = 14E45A8B1CA1B79500639B81 /* NotificationComplete */;
			targetProxy = 14E45AA61CA1B79500639B81 /* PBXContainerItemProxy */;
		};
		14E45AB21CA1B79500639B81 /* PBXTargetDependency */ = {
			isa = PBXTargetDependency;
			target = 14E45A8B1CA1B79500639B81 /* NotificationComplete */;
			targetProxy = 14E45AB11CA1B79500639B81 /* PBXContainerItemProxy */;
		};
/* End PBXTargetDependency section */

/* Begin PBXVariantGroup section */
		14156F0D1CAD88AB00D83ACF /* Localizable.strings */ = {
			isa = PBXVariantGroup;
			children = (
				14156F0C1CAD88AB00D83ACF /* Base */,
			);
			name = Localizable.strings;
			sourceTree = "<group>";
		};
		14E45A981CA1B79500639B81 /* Main.storyboard */ = {
			isa = PBXVariantGroup;
			children = (
				14E45A991CA1B79500639B81 /* Base */,
			);
			name = Main.storyboard;
			sourceTree = "<group>";
		};
		14E45A9D1CA1B79500639B81 /* LaunchScreen.storyboard */ = {
			isa = PBXVariantGroup;
			children = (
				14E45A9E1CA1B79500639B81 /* Base */,
			);
			name = LaunchScreen.storyboard;
			sourceTree = "<group>";
		};
/* End PBXVariantGroup section */

/* Begin XCBuildConfiguration section */
		14E45AB71CA1B79500639B81 /* Debug */ = {
			isa = XCBuildConfiguration;
			buildSettings = {
				ALWAYS_SEARCH_USER_PATHS = NO;
				CLANG_CXX_LANGUAGE_STANDARD = "gnu++0x";
				CLANG_CXX_LIBRARY = "libc++";
				CLANG_ENABLE_MODULES = YES;
				CLANG_ENABLE_OBJC_ARC = YES;
				CLANG_WARN_BLOCK_CAPTURE_AUTORELEASING = YES;
				CLANG_WARN_BOOL_CONVERSION = YES;
				CLANG_WARN_COMMA = YES;
				CLANG_WARN_CONSTANT_CONVERSION = YES;
				CLANG_WARN_DIRECT_OBJC_ISA_USAGE = YES_ERROR;
				CLANG_WARN_EMPTY_BODY = YES;
				CLANG_WARN_ENUM_CONVERSION = YES;
				CLANG_WARN_INFINITE_RECURSION = YES;
				CLANG_WARN_INT_CONVERSION = YES;
				CLANG_WARN_NON_LITERAL_NULL_CONVERSION = YES;
				CLANG_WARN_OBJC_LITERAL_CONVERSION = YES;
				CLANG_WARN_OBJC_ROOT_CLASS = YES_ERROR;
				CLANG_WARN_RANGE_LOOP_ANALYSIS = YES;
				CLANG_WARN_STRICT_PROTOTYPES = YES;
				CLANG_WARN_SUSPICIOUS_MOVE = YES;
				CLANG_WARN_UNREACHABLE_CODE = YES;
				CLANG_WARN__DUPLICATE_METHOD_MATCH = YES;
				"CODE_SIGN_IDENTITY[sdk=iphoneos*]" = "iPhone Developer";
				COPY_PHASE_STRIP = NO;
				DEBUG_INFORMATION_FORMAT = dwarf;
				ENABLE_STRICT_OBJC_MSGSEND = YES;
				ENABLE_TESTABILITY = YES;
				GCC_C_LANGUAGE_STANDARD = gnu99;
				GCC_DYNAMIC_NO_PIC = NO;
				GCC_NO_COMMON_BLOCKS = YES;
				GCC_OPTIMIZATION_LEVEL = 0;
				GCC_PREPROCESSOR_DEFINITIONS = (
					"DEBUG=1",
					"$(inherited)",
				);
				GCC_WARN_64_TO_32_BIT_CONVERSION = YES;
				GCC_WARN_ABOUT_RETURN_TYPE = YES_ERROR;
				GCC_WARN_UNDECLARED_SELECTOR = YES;
				GCC_WARN_UNINITIALIZED_AUTOS = YES_AGGRESSIVE;
				GCC_WARN_UNUSED_FUNCTION = YES;
				GCC_WARN_UNUSED_VARIABLE = YES;
				IPHONEOS_DEPLOYMENT_TARGET = 10.3;
				MTL_ENABLE_DEBUG_INFO = YES;
				ONLY_ACTIVE_ARCH = YES;
				SDKROOT = iphoneos;
				TARGETED_DEVICE_FAMILY = "1,2";
			};
			name = Debug;
		};
		14E45AB81CA1B79500639B81 /* Release */ = {
			isa = XCBuildConfiguration;
			buildSettings = {
				ALWAYS_SEARCH_USER_PATHS = NO;
				CLANG_CXX_LANGUAGE_STANDARD = "gnu++0x";
				CLANG_CXX_LIBRARY = "libc++";
				CLANG_ENABLE_MODULES = YES;
				CLANG_ENABLE_OBJC_ARC = YES;
				CLANG_WARN_BLOCK_CAPTURE_AUTORELEASING = YES;
				CLANG_WARN_BOOL_CONVERSION = YES;
				CLANG_WARN_COMMA = YES;
				CLANG_WARN_CONSTANT_CONVERSION = YES;
				CLANG_WARN_DIRECT_OBJC_ISA_USAGE = YES_ERROR;
				CLANG_WARN_EMPTY_BODY = YES;
				CLANG_WARN_ENUM_CONVERSION = YES;
				CLANG_WARN_INFINITE_RECURSION = YES;
				CLANG_WARN_INT_CONVERSION = YES;
				CLANG_WARN_NON_LITERAL_NULL_CONVERSION = YES;
				CLANG_WARN_OBJC_LITERAL_CONVERSION = YES;
				CLANG_WARN_OBJC_ROOT_CLASS = YES_ERROR;
				CLANG_WARN_RANGE_LOOP_ANALYSIS = YES;
				CLANG_WARN_STRICT_PROTOTYPES = YES;
				CLANG_WARN_SUSPICIOUS_MOVE = YES;
				CLANG_WARN_UNREACHABLE_CODE = YES;
				CLANG_WARN__DUPLICATE_METHOD_MATCH = YES;
				"CODE_SIGN_IDENTITY[sdk=iphoneos*]" = "iPhone Developer";
				COPY_PHASE_STRIP = NO;
				DEBUG_INFORMATION_FORMAT = "dwarf-with-dsym";
				ENABLE_NS_ASSERTIONS = NO;
				ENABLE_STRICT_OBJC_MSGSEND = YES;
				GCC_C_LANGUAGE_STANDARD = gnu99;
				GCC_NO_COMMON_BLOCKS = YES;
				GCC_WARN_64_TO_32_BIT_CONVERSION = YES;
				GCC_WARN_ABOUT_RETURN_TYPE = YES_ERROR;
				GCC_WARN_UNDECLARED_SELECTOR = YES;
				GCC_WARN_UNINITIALIZED_AUTOS = YES_AGGRESSIVE;
				GCC_WARN_UNUSED_FUNCTION = YES;
				GCC_WARN_UNUSED_VARIABLE = YES;
				IPHONEOS_DEPLOYMENT_TARGET = 10.3;
				MTL_ENABLE_DEBUG_INFO = NO;
				SDKROOT = iphoneos;
				TARGETED_DEVICE_FAMILY = "1,2";
				VALIDATE_PRODUCT = YES;
			};
			name = Release;
		};
		14E45ABA1CA1B79500639B81 /* Debug */ = {
			isa = XCBuildConfiguration;
			baseConfigurationReference = 1A67A72CB201F69544964394 /* Pods-NotificationComplete.debug.xcconfig */;
			buildSettings = {
				ALWAYS_EMBED_SWIFT_STANDARD_LIBRARIES = YES;
				ASSETCATALOG_COMPILER_APPICON_NAME = AppIcon;
				DEVELOPMENT_TEAM = 3T67HE76NG;
				ENABLE_BITCODE = NO;
				INFOPLIST_FILE = "$(SRCROOT)/NotificationComplete/Info.plist";
				LD_RUNPATH_SEARCH_PATHS = "$(inherited) @executable_path/Frameworks";
				PRODUCT_BUNDLE_IDENTIFIER = com.connecthings.Notification;
				PRODUCT_NAME = "$(TARGET_NAME)";
			};
			name = Debug;
		};
		14E45ABB1CA1B79500639B81 /* Release */ = {
			isa = XCBuildConfiguration;
			baseConfigurationReference = E9816C194C9F035617844AC4 /* Pods-NotificationComplete.release.xcconfig */;
			buildSettings = {
				ALWAYS_EMBED_SWIFT_STANDARD_LIBRARIES = YES;
				ASSETCATALOG_COMPILER_APPICON_NAME = AppIcon;
				DEVELOPMENT_TEAM = 3T67HE76NG;
				ENABLE_BITCODE = NO;
				INFOPLIST_FILE = "$(SRCROOT)/NotificationComplete/Info.plist";
				LD_RUNPATH_SEARCH_PATHS = "$(inherited) @executable_path/Frameworks";
				PRODUCT_BUNDLE_IDENTIFIER = com.connecthings.Notification;
				PRODUCT_NAME = "$(TARGET_NAME)";
			};
			name = Release;
		};
		14E45ABD1CA1B79500639B81 /* Debug */ = {
			isa = XCBuildConfiguration;
			baseConfigurationReference = 8CCCEDAD1A3A77BC599A0961 /* Pods-NotificationCompleteTests.debug.xcconfig */;
			buildSettings = {
				BUNDLE_LOADER = "$(TEST_HOST)";
				INFOPLIST_FILE = NotificationTests/Info.plist;
				LD_RUNPATH_SEARCH_PATHS = "$(inherited) @executable_path/Frameworks @loader_path/Frameworks";
				PRODUCT_BUNDLE_IDENTIFIER = com.connecthings.NotificationTests;
				PRODUCT_NAME = "$(TARGET_NAME)";
				TEST_HOST = "$(BUILT_PRODUCTS_DIR)/Notification.app/Notification";
			};
			name = Debug;
		};
		14E45ABE1CA1B79500639B81 /* Release */ = {
			isa = XCBuildConfiguration;
			baseConfigurationReference = ED0FC898FA8E83F0D9A2DF17 /* Pods-NotificationCompleteTests.release.xcconfig */;
			buildSettings = {
				BUNDLE_LOADER = "$(TEST_HOST)";
				INFOPLIST_FILE = NotificationTests/Info.plist;
				LD_RUNPATH_SEARCH_PATHS = "$(inherited) @executable_path/Frameworks @loader_path/Frameworks";
				PRODUCT_BUNDLE_IDENTIFIER = com.connecthings.NotificationTests;
				PRODUCT_NAME = "$(TARGET_NAME)";
				TEST_HOST = "$(BUILT_PRODUCTS_DIR)/Notification.app/Notification";
			};
			name = Release;
		};
		14E45AC01CA1B79500639B81 /* Debug */ = {
			isa = XCBuildConfiguration;
			baseConfigurationReference = 5F5621C4276CEDC90484AE63 /* Pods-NotificationCompleteUITests.debug.xcconfig */;
			buildSettings = {
				INFOPLIST_FILE = NotificationUITests/Info.plist;
				LD_RUNPATH_SEARCH_PATHS = "$(inherited) @executable_path/Frameworks @loader_path/Frameworks";
				PRODUCT_BUNDLE_IDENTIFIER = com.connecthings.NotificationUITests;
				PRODUCT_NAME = "$(TARGET_NAME)";
				TEST_TARGET_NAME = Notification;
				USES_XCTRUNNER = YES;
			};
			name = Debug;
		};
		14E45AC11CA1B79500639B81 /* Release */ = {
			isa = XCBuildConfiguration;
			baseConfigurationReference = 7956903B2B8F50D23C851C37 /* Pods-NotificationCompleteUITests.release.xcconfig */;
			buildSettings = {
				INFOPLIST_FILE = NotificationUITests/Info.plist;
				LD_RUNPATH_SEARCH_PATHS = "$(inherited) @executable_path/Frameworks @loader_path/Frameworks";
				PRODUCT_BUNDLE_IDENTIFIER = com.connecthings.NotificationUITests;
				PRODUCT_NAME = "$(TARGET_NAME)";
				TEST_TARGET_NAME = Notification;
				USES_XCTRUNNER = YES;
			};
			name = Release;
		};
/* End XCBuildConfiguration section */

/* Begin XCConfigurationList section */
		14E45A871CA1B79500639B81 /* Build configuration list for PBXProject "NotificationComplete" */ = {
			isa = XCConfigurationList;
			buildConfigurations = (
				14E45AB71CA1B79500639B81 /* Debug */,
				14E45AB81CA1B79500639B81 /* Release */,
			);
			defaultConfigurationIsVisible = 0;
			defaultConfigurationName = Release;
		};
		14E45AB91CA1B79500639B81 /* Build configuration list for PBXNativeTarget "NotificationComplete" */ = {
			isa = XCConfigurationList;
			buildConfigurations = (
				14E45ABA1CA1B79500639B81 /* Debug */,
				14E45ABB1CA1B79500639B81 /* Release */,
			);
			defaultConfigurationIsVisible = 0;
			defaultConfigurationName = Release;
		};
		14E45ABC1CA1B79500639B81 /* Build configuration list for PBXNativeTarget "NotificationCompleteTests" */ = {
			isa = XCConfigurationList;
			buildConfigurations = (
				14E45ABD1CA1B79500639B81 /* Debug */,
				14E45ABE1CA1B79500639B81 /* Release */,
			);
			defaultConfigurationIsVisible = 0;
			defaultConfigurationName = Release;
		};
		14E45ABF1CA1B79500639B81 /* Build configuration list for PBXNativeTarget "NotificationCompleteUITests" */ = {
			isa = XCConfigurationList;
			buildConfigurations = (
				14E45AC01CA1B79500639B81 /* Debug */,
				14E45AC11CA1B79500639B81 /* Release */,
			);
			defaultConfigurationIsVisible = 0;
			defaultConfigurationName = Release;
		};
/* End XCConfigurationList section */
	};
	rootObject = 14E45A841CA1B79500639B81 /* Project object */;
}
