PODS:
  - ATAnalytics (2.3.7)
  - ATConnectionHttp (2.3.7)
  - ATLocationBeacon (2.3.7)

DEPENDENCIES:
  - ATAnalytics (from `https://forge.adtag.eu/ConnecthingsSDK/ATAnalytics.git`, tag
    `2.3.7`)
  - ATConnectionHttp (from `https://forge.adtag.eu/ConnecthingsSDK/ATConnectionHttp.git`,
    tag `2.3.7`)
  - ATLocationBeacon (from `https://forge.adtag.eu/ConnecthingsSDK/ATLocationBeacon.git`,
    tag `2.3.7`)

EXTERNAL SOURCES:
  ATAnalytics:
    :git: https://forge.adtag.eu/ConnecthingsSDK/ATAnalytics.git
    :tag: 2.3.7
  ATConnectionHttp:
    :git: https://forge.adtag.eu/ConnecthingsSDK/ATConnectionHttp.git
    :tag: 2.3.7
  ATLocationBeacon:
    :git: https://forge.adtag.eu/ConnecthingsSDK/ATLocationBeacon.git
    :tag: 2.3.7

CHECKOUT OPTIONS:
  ATAnalytics:
    :git: https://forge.adtag.eu/ConnecthingsSDK/ATAnalytics.git
    :tag: 2.3.7
  ATConnectionHttp:
    :git: https://forge.adtag.eu/ConnecthingsSDK/ATConnectionHttp.git
    :tag: 2.3.7
  ATLocationBeacon:
    :git: https://forge.adtag.eu/ConnecthingsSDK/ATLocationBeacon.git
    :tag: 2.3.7

SPEC CHECKSUMS:
  ATAnalytics: a083b3aa49b8797a38ba5cdffdb15def3d5f6735
  ATConnectionHttp: 358cfdbe0a4e1eec405522c0e1bb272f35044ca5
  ATLocationBeacon: 997ed48d0dc72fef000dc13243f9b82400fc9034

COCOAPODS: 0.39.0
