// !$*UTF8*$!
{
	archiveVersion = 1;
	classes = {
	};
	objectVersion = 46;
	objects = {

/* Begin PBXBuildFile section */
		14156F0B1CAD88AB00D83ACF /* Localizable.strings in Resources */ = {isa = PBXBuildFile; fileRef = 14156F0D1CAD88AB00D83ACF /* Localizable.strings */; };
		14E45A911CA1B79500639B81 /* main.m in Sources */ = {isa = PBXBuildFile; fileRef = 14E45A901CA1B79500639B81 /* main.m */; };
		14E45A941CA1B79500639B81 /* AppDelegate.m in Sources */ = {isa = PBXBuildFile; fileRef = 14E45A931CA1B79500639B81 /* AppDelegate.m */; };
		14E45A971CA1B79500639B81 /* ViewControllerBeacon.m in Sources */ = {isa = PBXBuildFile; fileRef = 14E45A961CA1B79500639B81 /* ViewControllerBeacon.m */; };
		14E45A9A1CA1B79500639B81 /* Main.storyboard in Resources */ = {isa = PBXBuildFile; fileRef = 14E45A981CA1B79500639B81 /* Main.storyboard */; };
		14E45A9C1CA1B79500639B81 /* Assets.xcassets in Resources */ = {isa = PBXBuildFile; fileRef = 14E45A9B1CA1B79500639B81 /* Assets.xcassets */; };
		14E45A9F1CA1B79500639B81 /* LaunchScreen.storyboard in Resources */ = {isa = PBXBuildFile; fileRef = 14E45A9D1CA1B79500639B81 /* LaunchScreen.storyboard */; };
		14E45AAA1CA1B79500639B81 /* NotificationTests.m in Sources */ = {isa = PBXBuildFile; fileRef = 14E45AA91CA1B79500639B81 /* NotificationTests.m */; };
		14E45AB51CA1B79500639B81 /* NotificationUITests.m in Sources */ = {isa = PBXBuildFile; fileRef = 14E45AB41CA1B79500639B81 /* NotificationUITests.m */; };
		14E45AC31CA1B7EA00639B81 /* CoreLocation.framework in Frameworks */ = {isa = PBXBuildFile; fileRef = 14E45AC21CA1B7EA00639B81 /* CoreLocation.framework */; };
		14E45AC51CA1B7F100639B81 /* libsqlite3.0.tbd in Frameworks */ = {isa = PBXBuildFile; fileRef = 14E45AC41CA1B7F100639B81 /* libsqlite3.0.tbd */; };
		23FE71466BEDD6DBB5648DC7 /* Pods_NotificationUITests.framework in Frameworks */ = {isa = PBXBuildFile; fileRef = 001625042A18408672374C8D /* Pods_NotificationUITests.framework */; };
		24976DAE431B835CE4A39527 /* Pods_NotificationTests.framework in Frameworks */ = {isa = PBXBuildFile; fileRef = 923317B9945806C2DA964CE8 /* Pods_NotificationTests.framework */; };
		747883A2089435BC913823E9 /* Pods_NotificationStrategyComplete.framework in Frameworks */ = {isa = PBXBuildFile; fileRef = B3DA2122B9214CF221EBF903 /* Pods_NotificationStrategyComplete.framework */; };
		7CE417891CFD91170032EEBD /* BeaconNotificationStrategyFilter.m in Sources */ = {isa = PBXBuildFile; fileRef = 7CE417881CFD91170032EEBD /* BeaconNotificationStrategyFilter.m */; };
		D92F84E51FEEB38B0AA50352 /* Pods_NotificationStrategyCompleteTests.framework in Frameworks */ = {isa = PBXBuildFile; fileRef = 669CC4F39EE54FB54D0736A9 /* Pods_NotificationStrategyCompleteTests.framework */; };
		E86F9A743A705A05E6439579 /* Pods_NotificationStrategyCompleteUITests.framework in Frameworks */ = {isa = PBXBuildFile; fileRef = 816598ADD660BF6BDC960A1E /* Pods_NotificationStrategyCompleteUITests.framework */; };
/* End PBXBuildFile section */

/* Begin PBXContainerItemProxy section */
		14E45AA61CA1B79500639B81 /* PBXContainerItemProxy */ = {
			isa = PBXContainerItemProxy;
			containerPortal = 14E45A841CA1B79500639B81 /* Project object */;
			proxyType = 1;
			remoteGlobalIDString = 14E45A8B1CA1B79500639B81;
			remoteInfo = Notification;
		};
		14E45AB11CA1B79500639B81 /* PBXContainerItemProxy */ = {
			isa = PBXContainerItemProxy;
			containerPortal = 14E45A841CA1B79500639B81 /* Project object */;
			proxyType = 1;
			remoteGlobalIDString = 14E45A8B1CA1B79500639B81;
			remoteInfo = Notification;
		};
/* End PBXContainerItemProxy section */

/* Begin PBXFileReference section */
		001625042A18408672374C8D /* Pods_NotificationUITests.framework */ = {isa = PBXFileReference; explicitFileType = wrapper.framework; includeInIndex = 0; path = Pods_NotificationUITests.framework; sourceTree = BUILT_PRODUCTS_DIR; };
		14156F0C1CAD88AB00D83ACF /* Base */ = {isa = PBXFileReference; lastKnownFileType = text.plist.strings; name = Base; path = Base.lproj/Localizable.strings; sourceTree = "<group>"; };
		14E45A8C1CA1B79500639B81 /* NotificationStrategyComplete.app */ = {isa = PBXFileReference; explicitFileType = wrapper.application; includeInIndex = 0; path = NotificationStrategyComplete.app; sourceTree = BUILT_PRODUCTS_DIR; };
		14E45A901CA1B79500639B81 /* main.m */ = {isa = PBXFileReference; lastKnownFileType = sourcecode.c.objc; path = main.m; sourceTree = "<group>"; };
		14E45A921CA1B79500639B81 /* AppDelegate.h */ = {isa = PBXFileReference; lastKnownFileType = sourcecode.c.h; path = AppDelegate.h; sourceTree = "<group>"; };
		14E45A931CA1B79500639B81 /* AppDelegate.m */ = {isa = PBXFileReference; lastKnownFileType = sourcecode.c.objc; path = AppDelegate.m; sourceTree = "<group>"; };
		14E45A951CA1B79500639B81 /* ViewControllerBeacon.h */ = {isa = PBXFileReference; lastKnownFileType = sourcecode.c.h; path = ViewControllerBeacon.h; sourceTree = "<group>"; };
		14E45A961CA1B79500639B81 /* ViewControllerBeacon.m */ = {isa = PBXFileReference; lastKnownFileType = sourcecode.c.objc; path = ViewControllerBeacon.m; sourceTree = "<group>"; };
		14E45A991CA1B79500639B81 /* Base */ = {isa = PBXFileReference; lastKnownFileType = file.storyboard; name = Base; path = Base.lproj/Main.storyboard; sourceTree = "<group>"; };
		14E45A9B1CA1B79500639B81 /* Assets.xcassets */ = {isa = PBXFileReference; lastKnownFileType = folder.assetcatalog; path = Assets.xcassets; sourceTree = "<group>"; };
		14E45A9E1CA1B79500639B81 /* Base */ = {isa = PBXFileReference; lastKnownFileType = file.storyboard; name = Base; path = Base.lproj/LaunchScreen.storyboard; sourceTree = "<group>"; };
		14E45AA01CA1B79500639B81 /* Info.plist */ = {isa = PBXFileReference; lastKnownFileType = text.plist.xml; path = Info.plist; sourceTree = "<group>"; };
		14E45AA51CA1B79500639B81 /* NotificationStrategyComplete.xctest */ = {isa = PBXFileReference; explicitFileType = wrapper.cfbundle; includeInIndex = 0; path = NotificationStrategyComplete.xctest; sourceTree = BUILT_PRODUCTS_DIR; };
		14E45AA91CA1B79500639B81 /* NotificationTests.m */ = {isa = PBXFileReference; lastKnownFileType = sourcecode.c.objc; path = NotificationTests.m; sourceTree = "<group>"; };
		14E45AAB1CA1B79500639B81 /* Info.plist */ = {isa = PBXFileReference; lastKnownFileType = text.plist.xml; path = Info.plist; sourceTree = "<group>"; };
		14E45AB01CA1B79500639B81 /* NotificationStrategyComplete.xctest */ = {isa = PBXFileReference; explicitFileType = wrapper.cfbundle; includeInIndex = 0; path = NotificationStrategyComplete.xctest; sourceTree = BUILT_PRODUCTS_DIR; };
		14E45AB41CA1B79500639B81 /* NotificationUITests.m */ = {isa = PBXFileReference; lastKnownFileType = sourcecode.c.objc; path = NotificationUITests.m; sourceTree = "<group>"; };
		14E45AB61CA1B79500639B81 /* Info.plist */ = {isa = PBXFileReference; lastKnownFileType = text.plist.xml; path = Info.plist; sourceTree = "<group>"; };
		14E45AC21CA1B7EA00639B81 /* CoreLocation.framework */ = {isa = PBXFileReference; lastKnownFileType = wrapper.framework; name = CoreLocation.framework; path = System/Library/Frameworks/CoreLocation.framework; sourceTree = SDKROOT; };
		14E45AC41CA1B7F100639B81 /* libsqlite3.0.tbd */ = {isa = PBXFileReference; lastKnownFileType = "sourcecode.text-based-dylib-definition"; name = libsqlite3.0.tbd; path = usr/lib/libsqlite3.0.tbd; sourceTree = SDKROOT; };
		52EE14777F3463DE7FB08133 /* Pods-NotificationStrategyComplete.release.xcconfig */ = {isa = PBXFileReference; includeInIndex = 1; lastKnownFileType = text.xcconfig; name = "Pods-NotificationStrategyComplete.release.xcconfig"; path = "Pods/Target Support Files/Pods-NotificationStrategyComplete/Pods-NotificationStrategyComplete.release.xcconfig"; sourceTree = "<group>"; };
		669CC4F39EE54FB54D0736A9 /* Pods_NotificationStrategyCompleteTests.framework */ = {isa = PBXFileReference; explicitFileType = wrapper.framework; includeInIndex = 0; path = Pods_NotificationStrategyCompleteTests.framework; sourceTree = BUILT_PRODUCTS_DIR; };
		7CE417871CFD91170032EEBD /* BeaconNotificationStrategyFilter.h */ = {isa = PBXFileReference; fileEncoding = 4; lastKnownFileType = sourcecode.c.h; path = BeaconNotificationStrategyFilter.h; sourceTree = "<group>"; };
		7CE417881CFD91170032EEBD /* BeaconNotificationStrategyFilter.m */ = {isa = PBXFileReference; fileEncoding = 4; lastKnownFileType = sourcecode.c.objc; path = BeaconNotificationStrategyFilter.m; sourceTree = "<group>"; };
		816598ADD660BF6BDC960A1E /* Pods_NotificationStrategyCompleteUITests.framework */ = {isa = PBXFileReference; explicitFileType = wrapper.framework; includeInIndex = 0; path = Pods_NotificationStrategyCompleteUITests.framework; sourceTree = BUILT_PRODUCTS_DIR; };
		89DC464C45C1EB34B74BBB5D /* Pods-NotificationStrategyComplete.debug.xcconfig */ = {isa = PBXFileReference; includeInIndex = 1; lastKnownFileType = text.xcconfig; name = "Pods-NotificationStrategyComplete.debug.xcconfig"; path = "Pods/Target Support Files/Pods-NotificationStrategyComplete/Pods-NotificationStrategyComplete.debug.xcconfig"; sourceTree = "<group>"; };
		923317B9945806C2DA964CE8 /* Pods_NotificationTests.framework */ = {isa = PBXFileReference; explicitFileType = wrapper.framework; includeInIndex = 0; path = Pods_NotificationTests.framework; sourceTree = BUILT_PRODUCTS_DIR; };
		AB8F5366733FE5949B8AAE2E /* libPods.a */ = {isa = PBXFileReference; explicitFileType = archive.ar; includeInIndex = 0; path = libPods.a; sourceTree = BUILT_PRODUCTS_DIR; };
		B3DA2122B9214CF221EBF903 /* Pods_NotificationStrategyComplete.framework */ = {isa = PBXFileReference; explicitFileType = wrapper.framework; includeInIndex = 0; path = Pods_NotificationStrategyComplete.framework; sourceTree = BUILT_PRODUCTS_DIR; };
		D41F46D1B5F0B882BD1926EE /* Pods-NotificationStrategyCompleteUITests.release.xcconfig */ = {isa = PBXFileReference; includeInIndex = 1; lastKnownFileType = text.xcconfig; name = "Pods-NotificationStrategyCompleteUITests.release.xcconfig"; path = "Pods/Target Support Files/Pods-NotificationStrategyCompleteUITests/Pods-NotificationStrategyCompleteUITests.release.xcconfig"; sourceTree = "<group>"; };
		D63A48146C71598CACA27A1D /* Pods-NotificationStrategyCompleteTests.release.xcconfig */ = {isa = PBXFileReference; includeInIndex = 1; lastKnownFileType = text.xcconfig; name = "Pods-NotificationStrategyCompleteTests.release.xcconfig"; path = "Pods/Target Support Files/Pods-NotificationStrategyCompleteTests/Pods-NotificationStrategyCompleteTests.release.xcconfig"; sourceTree = "<group>"; };
		D70A4F19CCB30932F9A464B0 /* Pods_Notification.framework */ = {isa = PBXFileReference; explicitFileType = wrapper.framework; includeInIndex = 0; path = Pods_Notification.framework; sourceTree = BUILT_PRODUCTS_DIR; };
		DAE5CB93A33DCAD6438B9128 /* Pods-NotificationStrategyCompleteTests.debug.xcconfig */ = {isa = PBXFileReference; includeInIndex = 1; lastKnownFileType = text.xcconfig; name = "Pods-NotificationStrategyCompleteTests.debug.xcconfig"; path = "Pods/Target Support Files/Pods-NotificationStrategyCompleteTests/Pods-NotificationStrategyCompleteTests.debug.xcconfig"; sourceTree = "<group>"; };
		E232BB9EC6742FCF98820697 /* Pods-NotificationStrategyCompleteUITests.debug.xcconfig */ = {isa = PBXFileReference; includeInIndex = 1; lastKnownFileType = text.xcconfig; name = "Pods-NotificationStrategyCompleteUITests.debug.xcconfig"; path = "Pods/Target Support Files/Pods-NotificationStrategyCompleteUITests/Pods-NotificationStrategyCompleteUITests.debug.xcconfig"; sourceTree = "<group>"; };
/* End PBXFileReference section */

/* Begin PBXFrameworksBuildPhase section */
		14E45A891CA1B79500639B81 /* Frameworks */ = {
			isa = PBXFrameworksBuildPhase;
			buildActionMask = 2147483647;
			files = (
				14E45AC51CA1B7F100639B81 /* libsqlite3.0.tbd in Frameworks */,
				14E45AC31CA1B7EA00639B81 /* CoreLocation.framework in Frameworks */,
				747883A2089435BC913823E9 /* Pods_NotificationStrategyComplete.framework in Frameworks */,
			);
			runOnlyForDeploymentPostprocessing = 0;
		};
		14E45AA21CA1B79500639B81 /* Frameworks */ = {
			isa = PBXFrameworksBuildPhase;
			buildActionMask = 2147483647;
			files = (
				24976DAE431B835CE4A39527 /* Pods_NotificationTests.framework in Frameworks */,
				D92F84E51FEEB38B0AA50352 /* Pods_NotificationStrategyCompleteTests.framework in Frameworks */,
			);
			runOnlyForDeploymentPostprocessing = 0;
		};
		14E45AAD1CA1B79500639B81 /* Frameworks */ = {
			isa = PBXFrameworksBuildPhase;
			buildActionMask = 2147483647;
			files = (
				23FE71466BEDD6DBB5648DC7 /* Pods_NotificationUITests.framework in Frameworks */,
				E86F9A743A705A05E6439579 /* Pods_NotificationStrategyCompleteUITests.framework in Frameworks */,
			);
			runOnlyForDeploymentPostprocessing = 0;
		};
/* End PBXFrameworksBuildPhase section */

/* Begin PBXGroup section */
		001C9A3807689AA27924A4ED /* Pods */ = {
			isa = PBXGroup;
			children = (
				89DC464C45C1EB34B74BBB5D /* Pods-NotificationStrategyComplete.debug.xcconfig */,
				52EE14777F3463DE7FB08133 /* Pods-NotificationStrategyComplete.release.xcconfig */,
				DAE5CB93A33DCAD6438B9128 /* Pods-NotificationStrategyCompleteTests.debug.xcconfig */,
				D63A48146C71598CACA27A1D /* Pods-NotificationStrategyCompleteTests.release.xcconfig */,
				E232BB9EC6742FCF98820697 /* Pods-NotificationStrategyCompleteUITests.debug.xcconfig */,
				D41F46D1B5F0B882BD1926EE /* Pods-NotificationStrategyCompleteUITests.release.xcconfig */,
			);
			name = Pods;
			sourceTree = "<group>";
		};
		14E45A831CA1B79500639B81 = {
			isa = PBXGroup;
			children = (
				14E45A8E1CA1B79500639B81 /* NotificationStrategyComplete */,
				14E45AA81CA1B79500639B81 /* NotificationStrategyCompleteTests */,
				14E45AB31CA1B79500639B81 /* NotificationStrategyCompleteUITests */,
				14E45A8D1CA1B79500639B81 /* Products */,
				D9C6CEB6648DE0A0A111FA0D /* Frameworks */,
				001C9A3807689AA27924A4ED /* Pods */,
			);
			sourceTree = "<group>";
		};
		14E45A8D1CA1B79500639B81 /* Products */ = {
			isa = PBXGroup;
			children = (
				14E45A8C1CA1B79500639B81 /* NotificationStrategyComplete.app */,
				14E45AA51CA1B79500639B81 /* NotificationStrategyComplete.xctest */,
				14E45AB01CA1B79500639B81 /* NotificationStrategyComplete.xctest */,
			);
			name = Products;
			sourceTree = "<group>";
		};
		14E45A8E1CA1B79500639B81 /* NotificationStrategyComplete */ = {
			isa = PBXGroup;
			children = (
				14E45A921CA1B79500639B81 /* AppDelegate.h */,
				14E45A931CA1B79500639B81 /* AppDelegate.m */,
				14E45A951CA1B79500639B81 /* ViewControllerBeacon.h */,
				14E45A961CA1B79500639B81 /* ViewControllerBeacon.m */,
				14E45A981CA1B79500639B81 /* Main.storyboard */,
				14E45A9B1CA1B79500639B81 /* Assets.xcassets */,
				14E45A9D1CA1B79500639B81 /* LaunchScreen.storyboard */,
				14E45AA01CA1B79500639B81 /* Info.plist */,
				14E45A8F1CA1B79500639B81 /* Supporting Files */,
				7CE417871CFD91170032EEBD /* BeaconNotificationStrategyFilter.h */,
				7CE417881CFD91170032EEBD /* BeaconNotificationStrategyFilter.m */,
			);
			path = NotificationStrategyComplete;
			sourceTree = "<group>";
		};
		14E45A8F1CA1B79500639B81 /* Supporting Files */ = {
			isa = PBXGroup;
			children = (
				14E45A901CA1B79500639B81 /* main.m */,
				14156F0D1CAD88AB00D83ACF /* Localizable.strings */,
			);
			name = "Supporting Files";
			sourceTree = "<group>";
		};
		14E45AA81CA1B79500639B81 /* NotificationStrategyCompleteTests */ = {
			isa = PBXGroup;
			children = (
				14E45AA91CA1B79500639B81 /* NotificationTests.m */,
				14E45AAB1CA1B79500639B81 /* Info.plist */,
			);
			path = NotificationStrategyCompleteTests;
			sourceTree = "<group>";
		};
		14E45AB31CA1B79500639B81 /* NotificationStrategyCompleteUITests */ = {
			isa = PBXGroup;
			children = (
				14E45AB41CA1B79500639B81 /* NotificationUITests.m */,
				14E45AB61CA1B79500639B81 /* Info.plist */,
			);
			path = NotificationStrategyCompleteUITests;
			sourceTree = "<group>";
		};
		D9C6CEB6648DE0A0A111FA0D /* Frameworks */ = {
			isa = PBXGroup;
			children = (
				14E45AC41CA1B7F100639B81 /* libsqlite3.0.tbd */,
				14E45AC21CA1B7EA00639B81 /* CoreLocation.framework */,
				AB8F5366733FE5949B8AAE2E /* libPods.a */,
				D70A4F19CCB30932F9A464B0 /* Pods_Notification.framework */,
				923317B9945806C2DA964CE8 /* Pods_NotificationTests.framework */,
				001625042A18408672374C8D /* Pods_NotificationUITests.framework */,
				B3DA2122B9214CF221EBF903 /* Pods_NotificationStrategyComplete.framework */,
				669CC4F39EE54FB54D0736A9 /* Pods_NotificationStrategyCompleteTests.framework */,
				816598ADD660BF6BDC960A1E /* Pods_NotificationStrategyCompleteUITests.framework */,
			);
			name = Frameworks;
			sourceTree = "<group>";
		};
/* End PBXGroup section */

/* Begin PBXNativeTarget section */
		14E45A8B1CA1B79500639B81 /* NotificationStrategyComplete */ = {
			isa = PBXNativeTarget;
			buildConfigurationList = 14E45AB91CA1B79500639B81 /* Build configuration list for PBXNativeTarget "NotificationStrategyComplete" */;
			buildPhases = (
				EFD0AD300334C59BF8E9385C /* 📦 Check Pods Manifest.lock */,
				14E45A881CA1B79500639B81 /* Sources */,
				14E45A891CA1B79500639B81 /* Frameworks */,
				14E45A8A1CA1B79500639B81 /* Resources */,
				2E3481DE2DEE173FCF7A2846 /* 📦 Embed Pods Frameworks */,
				A30F412C2871E5A79078F316 /* 📦 Copy Pods Resources */,
			);
			buildRules = (
			);
			dependencies = (
			);
			name = NotificationStrategyComplete;
			productName = Notification;
			productReference = 14E45A8C1CA1B79500639B81 /* NotificationStrategyComplete.app */;
			productType = "com.apple.product-type.application";
		};
		14E45AA41CA1B79500639B81 /* NotificationStrategyCompleteTests */ = {
			isa = PBXNativeTarget;
			buildConfigurationList = 14E45ABC1CA1B79500639B81 /* Build configuration list for PBXNativeTarget "NotificationStrategyCompleteTests" */;
			buildPhases = (
				468F8C9874AC6DB4FDF3F659 /* 📦 Check Pods Manifest.lock */,
				14E45AA11CA1B79500639B81 /* Sources */,
				14E45AA21CA1B79500639B81 /* Frameworks */,
				14E45AA31CA1B79500639B81 /* Resources */,
				EC601C52CAC1C5EDC6953751 /* 📦 Embed Pods Frameworks */,
				37AF3CC3CB2DC1AD923C6F57 /* 📦 Copy Pods Resources */,
			);
			buildRules = (
			);
			dependencies = (
				14E45AA71CA1B79500639B81 /* PBXTargetDependency */,
			);
			name = NotificationStrategyCompleteTests;
			productName = NotificationTests;
			productReference = 14E45AA51CA1B79500639B81 /* NotificationStrategyComplete.xctest */;
			productType = "com.apple.product-type.bundle.unit-test";
		};
		14E45AAF1CA1B79500639B81 /* NotificationStrategyCompleteUITests */ = {
			isa = PBXNativeTarget;
			buildConfigurationList = 14E45ABF1CA1B79500639B81 /* Build configuration list for PBXNativeTarget "NotificationStrategyCompleteUITests" */;
			buildPhases = (
				39E5A0DDFDE9F19C6936E0AA /* 📦 Check Pods Manifest.lock */,
				14E45AAC1CA1B79500639B81 /* Sources */,
				14E45AAD1CA1B79500639B81 /* Frameworks */,
				14E45AAE1CA1B79500639B81 /* Resources */,
				0CE9EFD87C066E5464669B51 /* 📦 Copy Pods Resources */,
			);
			buildRules = (
			);
			dependencies = (
				14E45AB21CA1B79500639B81 /* PBXTargetDependency */,
			);
			name = NotificationStrategyCompleteUITests;
			productName = NotificationUITests;
			productReference = 14E45AB01CA1B79500639B81 /* NotificationStrategyComplete.xctest */;
			productType = "com.apple.product-type.bundle.ui-testing";
		};
/* End PBXNativeTarget section */

/* Begin PBXProject section */
		14E45A841CA1B79500639B81 /* Project object */ = {
			isa = PBXProject;
			attributes = {
				LastUpgradeCheck = 0720;
				ORGANIZATIONNAME = "sarra srairi";
				TargetAttributes = {
					14E45A8B1CA1B79500639B81 = {
						CreatedOnToolsVersion = 7.2;
					};
					14E45AA41CA1B79500639B81 = {
						CreatedOnToolsVersion = 7.2;
						TestTargetID = 14E45A8B1CA1B79500639B81;
					};
					14E45AAF1CA1B79500639B81 = {
						CreatedOnToolsVersion = 7.2;
						TestTargetID = 14E45A8B1CA1B79500639B81;
					};
				};
			};
			buildConfigurationList = 14E45A871CA1B79500639B81 /* Build configuration list for PBXProject "NotificationStrategyComplete" */;
			compatibilityVersion = "Xcode 3.2";
			developmentRegion = English;
			hasScannedForEncodings = 0;
			knownRegions = (
				en,
				Base,
			);
			mainGroup = 14E45A831CA1B79500639B81;
			productRefGroup = 14E45A8D1CA1B79500639B81 /* Products */;
			projectDirPath = "";
			projectRoot = "";
			targets = (
				14E45A8B1CA1B79500639B81 /* NotificationStrategyComplete */,
				14E45AA41CA1B79500639B81 /* NotificationStrategyCompleteTests */,
				14E45AAF1CA1B79500639B81 /* NotificationStrategyCompleteUITests */,
			);
		};
/* End PBXProject section */

/* Begin PBXResourcesBuildPhase section */
		14E45A8A1CA1B79500639B81 /* Resources */ = {
			isa = PBXResourcesBuildPhase;
			buildActionMask = 2147483647;
			files = (
				14E45A9F1CA1B79500639B81 /* LaunchScreen.storyboard in Resources */,
				14156F0B1CAD88AB00D83ACF /* Localizable.strings in Resources */,
				14E45A9C1CA1B79500639B81 /* Assets.xcassets in Resources */,
				14E45A9A1CA1B79500639B81 /* Main.storyboard in Resources */,
			);
			runOnlyForDeploymentPostprocessing = 0;
		};
		14E45AA31CA1B79500639B81 /* Resources */ = {
			isa = PBXResourcesBuildPhase;
			buildActionMask = 2147483647;
			files = (
			);
			runOnlyForDeploymentPostprocessing = 0;
		};
		14E45AAE1CA1B79500639B81 /* Resources */ = {
			isa = PBXResourcesBuildPhase;
			buildActionMask = 2147483647;
			files = (
			);
			runOnlyForDeploymentPostprocessing = 0;
		};
/* End PBXResourcesBuildPhase section */

/* Begin PBXShellScriptBuildPhase section */
		0CE9EFD87C066E5464669B51 /* 📦 Copy Pods Resources */ = {
			isa = PBXShellScriptBuildPhase;
			buildActionMask = 2147483647;
			files = (
			);
			inputPaths = (
			);
			name = "📦 Copy Pods Resources";
			outputPaths = (
			);
			runOnlyForDeploymentPostprocessing = 0;
			shellPath = /bin/sh;
			shellScript = "\"${SRCROOT}/Pods/Target Support Files/Pods-NotificationStrategyCompleteUITests/Pods-NotificationStrategyCompleteUITests-resources.sh\"\n";
			showEnvVarsInLog = 0;
		};
		2E3481DE2DEE173FCF7A2846 /* 📦 Embed Pods Frameworks */ = {
			isa = PBXShellScriptBuildPhase;
			buildActionMask = 2147483647;
			files = (
			);
			inputPaths = (
			);
			name = "📦 Embed Pods Frameworks";
			outputPaths = (
			);
			runOnlyForDeploymentPostprocessing = 0;
			shellPath = /bin/sh;
			shellScript = "\"${SRCROOT}/Pods/Target Support Files/Pods-NotificationStrategyComplete/Pods-NotificationStrategyComplete-frameworks.sh\"\n";
			showEnvVarsInLog = 0;
		};
		37AF3CC3CB2DC1AD923C6F57 /* 📦 Copy Pods Resources */ = {
			isa = PBXShellScriptBuildPhase;
			buildActionMask = 2147483647;
			files = (
			);
			inputPaths = (
			);
			name = "📦 Copy Pods Resources";
			outputPaths = (
			);
			runOnlyForDeploymentPostprocessing = 0;
			shellPath = /bin/sh;
			shellScript = "\"${SRCROOT}/Pods/Target Support Files/Pods-NotificationStrategyCompleteTests/Pods-NotificationStrategyCompleteTests-resources.sh\"\n";
			showEnvVarsInLog = 0;
		};
		39E5A0DDFDE9F19C6936E0AA /* 📦 Check Pods Manifest.lock */ = {
			isa = PBXShellScriptBuildPhase;
			buildActionMask = 2147483647;
			files = (
			);
			inputPaths = (
			);
			name = "📦 Check Pods Manifest.lock";
			outputPaths = (
			);
			runOnlyForDeploymentPostprocessing = 0;
			shellPath = /bin/sh;
			shellScript = "diff \"${PODS_ROOT}/../Podfile.lock\" \"${PODS_ROOT}/Manifest.lock\" > /dev/null\nif [[ $? != 0 ]] ; then\n    cat << EOM\nerror: The sandbox is not in sync with the Podfile.lock. Run 'pod install' or update your CocoaPods installation.\nEOM\n    exit 1\nfi\n";
			showEnvVarsInLog = 0;
		};
		468F8C9874AC6DB4FDF3F659 /* 📦 Check Pods Manifest.lock */ = {
			isa = PBXShellScriptBuildPhase;
			buildActionMask = 2147483647;
			files = (
			);
			inputPaths = (
			);
			name = "📦 Check Pods Manifest.lock";
			outputPaths = (
			);
			runOnlyForDeploymentPostprocessing = 0;
			shellPath = /bin/sh;
			shellScript = "diff \"${PODS_ROOT}/../Podfile.lock\" \"${PODS_ROOT}/Manifest.lock\" > /dev/null\nif [[ $? != 0 ]] ; then\n    cat << EOM\nerror: The sandbox is not in sync with the Podfile.lock. Run 'pod install' or update your CocoaPods installation.\nEOM\n    exit 1\nfi\n";
			showEnvVarsInLog = 0;
		};
		A30F412C2871E5A79078F316 /* 📦 Copy Pods Resources */ = {
			isa = PBXShellScriptBuildPhase;
			buildActionMask = 2147483647;
			files = (
			);
			inputPaths = (
			);
			name = "📦 Copy Pods Resources";
			outputPaths = (
			);
			runOnlyForDeploymentPostprocessing = 0;
			shellPath = /bin/sh;
			shellScript = "\"${SRCROOT}/Pods/Target Support Files/Pods-NotificationStrategyComplete/Pods-NotificationStrategyComplete-resources.sh\"\n";
			showEnvVarsInLog = 0;
		};
		EC601C52CAC1C5EDC6953751 /* 📦 Embed Pods Frameworks */ = {
			isa = PBXShellScriptBuildPhase;
			buildActionMask = 2147483647;
			files = (
			);
			inputPaths = (
			);
			name = "📦 Embed Pods Frameworks";
			outputPaths = (
			);
			runOnlyForDeploymentPostprocessing = 0;
			shellPath = /bin/sh;
			shellScript = "\"${SRCROOT}/Pods/Target Support Files/Pods-NotificationStrategyCompleteTests/Pods-NotificationStrategyCompleteTests-frameworks.sh\"\n";
			showEnvVarsInLog = 0;
		};
		EFD0AD300334C59BF8E9385C /* 📦 Check Pods Manifest.lock */ = {
			isa = PBXShellScriptBuildPhase;
			buildActionMask = 2147483647;
			files = (
			);
			inputPaths = (
			);
			name = "📦 Check Pods Manifest.lock";
			outputPaths = (
			);
			runOnlyForDeploymentPostprocessing = 0;
			shellPath = /bin/sh;
			shellScript = "diff \"${PODS_ROOT}/../Podfile.lock\" \"${PODS_ROOT}/Manifest.lock\" > /dev/null\nif [[ $? != 0 ]] ; then\n    cat << EOM\nerror: The sandbox is not in sync with the Podfile.lock. Run 'pod install' or update your CocoaPods installation.\nEOM\n    exit 1\nfi\n";
			showEnvVarsInLog = 0;
		};
/* End PBXShellScriptBuildPhase section */

/* Begin PBXSourcesBuildPhase section */
		14E45A881CA1B79500639B81 /* Sources */ = {
			isa = PBXSourcesBuildPhase;
			buildActionMask = 2147483647;
			files = (
				14E45A971CA1B79500639B81 /* ViewControllerBeacon.m in Sources */,
				7CE417891CFD91170032EEBD /* BeaconNotificationStrategyFilter.m in Sources */,
				14E45A941CA1B79500639B81 /* AppDelegate.m in Sources */,
				14E45A911CA1B79500639B81 /* main.m in Sources */,
			);
			runOnlyForDeploymentPostprocessing = 0;
		};
		14E45AA11CA1B79500639B81 /* Sources */ = {
			isa = PBXSourcesBuildPhase;
			buildActionMask = 2147483647;
			files = (
				14E45AAA1CA1B79500639B81 /* NotificationTests.m in Sources */,
			);
			runOnlyForDeploymentPostprocessing = 0;
		};
		14E45AAC1CA1B79500639B81 /* Sources */ = {
			isa = PBXSourcesBuildPhase;
			buildActionMask = 2147483647;
			files = (
				14E45AB51CA1B79500639B81 /* NotificationUITests.m in Sources */,
			);
			runOnlyForDeploymentPostprocessing = 0;
		};
/* End PBXSourcesBuildPhase section */

/* Begin PBXTargetDependency section */
		14E45AA71CA1B79500639B81 /* PBXTargetDependency */ = {
			isa = PBXTargetDependency;
			target = 14E45A8B1CA1B79500639B81 /* NotificationStrategyComplete */;
			targetProxy = 14E45AA61CA1B79500639B81 /* PBXContainerItemProxy */;
		};
		14E45AB21CA1B79500639B81 /* PBXTargetDependency */ = {
			isa = PBXTargetDependency;
			target = 14E45A8B1CA1B79500639B81 /* NotificationStrategyComplete */;
			targetProxy = 14E45AB11CA1B79500639B81 /* PBXContainerItemProxy */;
		};
/* End PBXTargetDependency section */

/* Begin PBXVariantGroup section */
		14156F0D1CAD88AB00D83ACF /* Localizable.strings */ = {
			isa = PBXVariantGroup;
			children = (
				14156F0C1CAD88AB00D83ACF /* Base */,
			);
			name = Localizable.strings;
			sourceTree = "<group>";
		};
		14E45A981CA1B79500639B81 /* Main.storyboard */ = {
			isa = PBXVariantGroup;
			children = (
				14E45A991CA1B79500639B81 /* Base */,
			);
			name = Main.storyboard;
			sourceTree = "<group>";
		};
		14E45A9D1CA1B79500639B81 /* LaunchScreen.storyboard */ = {
			isa = PBXVariantGroup;
			children = (
				14E45A9E1CA1B79500639B81 /* Base */,
			);
			name = LaunchScreen.storyboard;
			sourceTree = "<group>";
		};
/* End PBXVariantGroup section */

/* Begin XCBuildConfiguration section */
		14E45AB71CA1B79500639B81 /* Debug */ = {
			isa = XCBuildConfiguration;
			buildSettings = {
				ALWAYS_SEARCH_USER_PATHS = NO;
				CLANG_CXX_LANGUAGE_STANDARD = "gnu++0x";
				CLANG_CXX_LIBRARY = "libc++";
				CLANG_ENABLE_MODULES = YES;
				CLANG_ENABLE_OBJC_ARC = YES;
				CLANG_WARN_BOOL_CONVERSION = YES;
				CLANG_WARN_CONSTANT_CONVERSION = YES;
				CLANG_WARN_DIRECT_OBJC_ISA_USAGE = YES_ERROR;
				CLANG_WARN_EMPTY_BODY = YES;
				CLANG_WARN_ENUM_CONVERSION = YES;
				CLANG_WARN_INT_CONVERSION = YES;
				CLANG_WARN_OBJC_ROOT_CLASS = YES_ERROR;
				CLANG_WARN_UNREACHABLE_CODE = YES;
				CLANG_WARN__DUPLICATE_METHOD_MATCH = YES;
				"CODE_SIGN_IDENTITY[sdk=iphoneos*]" = "iPhone Developer";
				COPY_PHASE_STRIP = NO;
				DEBUG_INFORMATION_FORMAT = dwarf;
				ENABLE_STRICT_OBJC_MSGSEND = YES;
				ENABLE_TESTABILITY = YES;
				GCC_C_LANGUAGE_STANDARD = gnu99;
				GCC_DYNAMIC_NO_PIC = NO;
				GCC_NO_COMMON_BLOCKS = YES;
				GCC_OPTIMIZATION_LEVEL = 0;
				GCC_PREPROCESSOR_DEFINITIONS = (
					"DEBUG=1",
					"$(inherited)",
				);
				GCC_WARN_64_TO_32_BIT_CONVERSION = YES;
				GCC_WARN_ABOUT_RETURN_TYPE = YES_ERROR;
				GCC_WARN_UNDECLARED_SELECTOR = YES;
				GCC_WARN_UNINITIALIZED_AUTOS = YES_AGGRESSIVE;
				GCC_WARN_UNUSED_FUNCTION = YES;
				GCC_WARN_UNUSED_VARIABLE = YES;
				IPHONEOS_DEPLOYMENT_TARGET = 9.2;
				MTL_ENABLE_DEBUG_INFO = YES;
				ONLY_ACTIVE_ARCH = YES;
				SDKROOT = iphoneos;
				TARGETED_DEVICE_FAMILY = "1,2";
			};
			name = Debug;
		};
		14E45AB81CA1B79500639B81 /* Release */ = {
			isa = XCBuildConfiguration;
			buildSettings = {
				ALWAYS_SEARCH_USER_PATHS = NO;
				CLANG_CXX_LANGUAGE_STANDARD = "gnu++0x";
				CLANG_CXX_LIBRARY = "libc++";
				CLANG_ENABLE_MODULES = YES;
				CLANG_ENABLE_OBJC_ARC = YES;
				CLANG_WARN_BOOL_CONVERSION = YES;
				CLANG_WARN_CONSTANT_CONVERSION = YES;
				CLANG_WARN_DIRECT_OBJC_ISA_USAGE = YES_ERROR;
				CLANG_WARN_EMPTY_BODY = YES;
				CLANG_WARN_ENUM_CONVERSION = YES;
				CLANG_WARN_INT_CONVERSION = YES;
				CLANG_WARN_OBJC_ROOT_CLASS = YES_ERROR;
				CLANG_WARN_UNREACHABLE_CODE = YES;
				CLANG_WARN__DUPLICATE_METHOD_MATCH = YES;
				"CODE_SIGN_IDENTITY[sdk=iphoneos*]" = "iPhone Developer";
				COPY_PHASE_STRIP = NO;
				DEBUG_INFORMATION_FORMAT = "dwarf-with-dsym";
				ENABLE_NS_ASSERTIONS = NO;
				ENABLE_STRICT_OBJC_MSGSEND = YES;
				GCC_C_LANGUAGE_STANDARD = gnu99;
				GCC_NO_COMMON_BLOCKS = YES;
				GCC_WARN_64_TO_32_BIT_CONVERSION = YES;
				GCC_WARN_ABOUT_RETURN_TYPE = YES_ERROR;
				GCC_WARN_UNDECLARED_SELECTOR = YES;
				GCC_WARN_UNINITIALIZED_AUTOS = YES_AGGRESSIVE;
				GCC_WARN_UNUSED_FUNCTION = YES;
				GCC_WARN_UNUSED_VARIABLE = YES;
				IPHONEOS_DEPLOYMENT_TARGET = 9.2;
				MTL_ENABLE_DEBUG_INFO = NO;
				SDKROOT = iphoneos;
				TARGETED_DEVICE_FAMILY = "1,2";
				VALIDATE_PRODUCT = YES;
			};
			name = Release;
		};
		14E45ABA1CA1B79500639B81 /* Debug */ = {
			isa = XCBuildConfiguration;
			baseConfigurationReference = 89DC464C45C1EB34B74BBB5D /* Pods-NotificationStrategyComplete.debug.xcconfig */;
			buildSettings = {
				ASSETCATALOG_COMPILER_APPICON_NAME = AppIcon;
				INFOPLIST_FILE = "$(SRCROOT)/NotificationStrategyComplete/Info.plist";
				LD_RUNPATH_SEARCH_PATHS = "$(inherited) @executable_path/Frameworks";
				PRODUCT_BUNDLE_IDENTIFIER = com.connecthings.Notification;
				PRODUCT_NAME = NotificationStrategyComplete;
			};
			name = Debug;
		};
		14E45ABB1CA1B79500639B81 /* Release */ = {
			isa = XCBuildConfiguration;
			baseConfigurationReference = 52EE14777F3463DE7FB08133 /* Pods-NotificationStrategyComplete.release.xcconfig */;
			buildSettings = {
				ASSETCATALOG_COMPILER_APPICON_NAME = AppIcon;
				INFOPLIST_FILE = "$(SRCROOT)/NotificationStrategyComplete/Info.plist";
				LD_RUNPATH_SEARCH_PATHS = "$(inherited) @executable_path/Frameworks";
				PRODUCT_BUNDLE_IDENTIFIER = com.connecthings.Notification;
				PRODUCT_NAME = NotificationStrategyComplete;
			};
			name = Release;
		};
		14E45ABD1CA1B79500639B81 /* Debug */ = {
			isa = XCBuildConfiguration;
			baseConfigurationReference = DAE5CB93A33DCAD6438B9128 /* Pods-NotificationStrategyCompleteTests.debug.xcconfig */;
			buildSettings = {
				BUNDLE_LOADER = "$(TEST_HOST)";
				INFOPLIST_FILE = NotificationTests/Info.plist;
				LD_RUNPATH_SEARCH_PATHS = "$(inherited) @executable_path/Frameworks @loader_path/Frameworks";
				PRODUCT_BUNDLE_IDENTIFIER = com.connecthings.NotificationTests;
				PRODUCT_NAME = NotificationStrategyComplete;
				TEST_HOST = "$(BUILT_PRODUCTS_DIR)/NotificationStrategyComplete.app/NotificationStrategyComplete";
			};
			name = Debug;
		};
		14E45ABE1CA1B79500639B81 /* Release */ = {
			isa = XCBuildConfiguration;
			baseConfigurationReference = D63A48146C71598CACA27A1D /* Pods-NotificationStrategyCompleteTests.release.xcconfig */;
			buildSettings = {
				BUNDLE_LOADER = "$(TEST_HOST)";
				INFOPLIST_FILE = NotificationTests/Info.plist;
				LD_RUNPATH_SEARCH_PATHS = "$(inherited) @executable_path/Frameworks @loader_path/Frameworks";
				PRODUCT_BUNDLE_IDENTIFIER = com.connecthings.NotificationTests;
				PRODUCT_NAME = NotificationStrategyComplete;
				TEST_HOST = "$(BUILT_PRODUCTS_DIR)/NotificationStrategyComplete.app/NotificationStrategyComplete";
			};
			name = Release;
		};
		14E45AC01CA1B79500639B81 /* Debug */ = {
			isa = XCBuildConfiguration;
			baseConfigurationReference = E232BB9EC6742FCF98820697 /* Pods-NotificationStrategyCompleteUITests.debug.xcconfig */;
			buildSettings = {
				INFOPLIST_FILE = NotificationUITests/Info.plist;
				LD_RUNPATH_SEARCH_PATHS = "$(inherited) @executable_path/Frameworks @loader_path/Frameworks";
				PRODUCT_BUNDLE_IDENTIFIER = com.connecthings.NotificationUITests;
				PRODUCT_NAME = NotificationStrategyComplete;
				TEST_TARGET_NAME = Notification;
				USES_XCTRUNNER = YES;
			};
			name = Debug;
		};
		14E45AC11CA1B79500639B81 /* Release */ = {
			isa = XCBuildConfiguration;
			baseConfigurationReference = D41F46D1B5F0B882BD1926EE /* Pods-NotificationStrategyCompleteUITests.release.xcconfig */;
			buildSettings = {
				INFOPLIST_FILE = NotificationUITests/Info.plist;
				LD_RUNPATH_SEARCH_PATHS = "$(inherited) @executable_path/Frameworks @loader_path/Frameworks";
				PRODUCT_BUNDLE_IDENTIFIER = com.connecthings.NotificationUITests;
				PRODUCT_NAME = NotificationStrategyComplete;
				TEST_TARGET_NAME = Notification;
				USES_XCTRUNNER = YES;
			};
			name = Release;
		};
/* End XCBuildConfiguration section */

/* Begin XCConfigurationList section */
		14E45A871CA1B79500639B81 /* Build configuration list for PBXProject "NotificationStrategyComplete" */ = {
			isa = XCConfigurationList;
			buildConfigurations = (
				14E45AB71CA1B79500639B81 /* Debug */,
				14E45AB81CA1B79500639B81 /* Release */,
			);
			defaultConfigurationIsVisible = 0;
			defaultConfigurationName = Release;
		};
		14E45AB91CA1B79500639B81 /* Build configuration list for PBXNativeTarget "NotificationStrategyComplete" */ = {
			isa = XCConfigurationList;
			buildConfigurations = (
				14E45ABA1CA1B79500639B81 /* Debug */,
				14E45ABB1CA1B79500639B81 /* Release */,
			);
			defaultConfigurationIsVisible = 0;
			defaultConfigurationName = Release;
		};
		14E45ABC1CA1B79500639B81 /* Build configuration list for PBXNativeTarget "NotificationStrategyCompleteTests" */ = {
			isa = XCConfigurationList;
			buildConfigurations = (
				14E45ABD1CA1B79500639B81 /* Debug */,
				14E45ABE1CA1B79500639B81 /* Release */,
			);
			defaultConfigurationIsVisible = 0;
			defaultConfigurationName = Release;
		};
		14E45ABF1CA1B79500639B81 /* Build configuration list for PBXNativeTarget "NotificationStrategyCompleteUITests" */ = {
			isa = XCConfigurationList;
			buildConfigurations = (
				14E45AC01CA1B79500639B81 /* Debug */,
				14E45AC11CA1B79500639B81 /* Release */,
			);
			defaultConfigurationIsVisible = 0;
			defaultConfigurationName = Release;
		};
/* End XCConfigurationList section */
	};
	rootObject = 14E45A841CA1B79500639B81 /* Project object */;
}
